// !$*UTF8*$!
{
	archiveVersion = 1;
	classes = {
	};
	objectVersion = 77;
	objects = {

/* Begin PBXBuildFile section */
		011B23B9E759F14B51EF9A81 /* BirthdayDateHelperTests.swift in Sources */ = {isa = PBXBuildFile; fileRef = 78BE49BD68A19D2708B9FF4D /* BirthdayDateHelperTests.swift */; };
		02BD9144C92EBA217C096D14 /* SuggestionQualityViewModel.swift in Sources */ = {isa = PBXBuildFile; fileRef = 9E705474AA673040B59B5EBA /* SuggestionQualityViewModel.swift */; };
		0B105CAA3122D6323CE7824E /* BirthdayWidgetView.swift in Sources */ = {isa = PBXBuildFile; fileRef = 9FC35DCCF49380674DAC125E /* BirthdayWidgetView.swift */; };
		0C697D720AA3FB5577641F93 /* QuickStatsView.swift in Sources */ = {isa = PBXBuildFile; fileRef = 3E62D86AB8F5881C75473D1F /* QuickStatsView.swift */; };
		0D6E38A50ABD9ACEF04B8E23 /* ContentView.swift in Sources */ = {isa = PBXBuildFile; fileRef = DBC502D8F73D78DC65FF08F9 /* ContentView.swift */; };
		0EF415E6F6F638BC53BC2113 /* FormatterHelperTests.swift in Sources */ = {isa = PBXBuildFile; fileRef = EC6FCD24AE708AB86CF01C17 /* FormatterHelperTests.swift */; };
		19E005C071527D0AB3DF63EF /* BirthdayDateHelper.swift in Sources */ = {isa = PBXBuildFile; fileRef = 6F4689396F1072DD2D28E078 /* BirthdayDateHelper.swift */; };
		19EAD57CD2629FC7D1C796E2 /* AppAnimation.swift in Sources */ = {isa = PBXBuildFile; fileRef = 40B6E83D614EF822E16CE41C /* AppAnimation.swift */; };
		1AE22A18E8DF8520632671A6 /* BirthdayCalculatorEdgeCasesTests.swift in Sources */ = {isa = PBXBuildFile; fileRef = 9AF1C70D1E7AA24CAA593363 /* BirthdayCalculatorEdgeCasesTests.swift */; };
		1BC5F8C5FB57C80C08734734 /* HapticFeedback.swift in Sources */ = {isa = PBXBuildFile; fileRef = 6A5FC754F1167DC0929B2495 /* HapticFeedback.swift */; };
		1DFC8F260BC16B738734E9F6 /* GiftIdea.swift in Sources */ = {isa = PBXBuildFile; fileRef = 0750E534FFC66119B4D89A2B /* GiftIdea.swift */; };
		1EDBB025331F5B3993DFECFC /* GiftSummaryView.swift in Sources */ = {isa = PBXBuildFile; fileRef = E122F7BB3C94F91B1423D8EB /* GiftSummaryView.swift */; };
		1F745F8CFFB8022ABD361A57 /* PersonAvatar.swift in Sources */ = {isa = PBXBuildFile; fileRef = 342E7FD1C413FDF65A089708 /* PersonAvatar.swift */; };
		1FD4F88401FFE069FBFD3B3E /* AccessibilityConfigurationTests.swift in Sources */ = {isa = PBXBuildFile; fileRef = A546E33A3E3C5AFDBF258820 /* AccessibilityConfigurationTests.swift */; };
		223704652E1BAC3EDDF046FC /* AppConfigTests.swift in Sources */ = {isa = PBXBuildFile; fileRef = BE4BD0FE84325AD2FF2976F3 /* AppConfigTests.swift */; };
		22D00FD6376BD4B10359B1B5 /* PersonRefExportTests.swift in Sources */ = {isa = PBXBuildFile; fileRef = F83B4AFF1A07CE2D4289D65A /* PersonRefExportTests.swift */; };
		24B66A4E2179EF84ACF9109C /* AccessibilityHelper.swift in Sources */ = {isa = PBXBuildFile; fileRef = 1352AE658416E5B2DEEB06D7 /* AccessibilityHelper.swift */; };
		257996A13175DB69A33C2232 /* TimelineView.swift in Sources */ = {isa = PBXBuildFile; fileRef = 28EBD8BCC91ACE62E4BF02CF /* TimelineView.swift */; };
		2587C2B231841BC97D8E4FF6 /* SmartInputFieldTests.swift in Sources */ = {isa = PBXBuildFile; fileRef = 12050DD29ABF53F754FB7448 /* SmartInputFieldTests.swift */; };
		259BBF9C15E6B8EA771EA140 /* SampleDataServiceTests.swift in Sources */ = {isa = PBXBuildFile; fileRef = 507E0BBB507D60FBD3B50AC0 /* SampleDataServiceTests.swift */; };
		293D6EBEDA0427F92D55F28D /* BirthdayCalculatorThreadSafetyTests.swift in Sources */ = {isa = PBXBuildFile; fileRef = 3BC3124099F551F5EA373EA7 /* BirthdayCalculatorThreadSafetyTests.swift */; };
		2ABBEB5E8A432317ADCE5B70 /* AnimationHelper.swift in Sources */ = {isa = PBXBuildFile; fileRef = 1D56F13FD4A2AE4764D571A0 /* AnimationHelper.swift */; };
		2AE6A0E1CBC4D64F9787CCF7 /* OnboardingView.swift in Sources */ = {isa = PBXBuildFile; fileRef = C761C12855F50AF530F3683B /* OnboardingView.swift */; };
		35605BEC6EFED4E8F25BD06B /* PrivacyView.swift in Sources */ = {isa = PBXBuildFile; fileRef = 13136382E4F769A8A8D7C5D0 /* PrivacyView.swift */; };
		3B35DB430F791BD5DEF5018A /* BirthdayCalculatorTests.swift in Sources */ = {isa = PBXBuildFile; fileRef = FF382AF887CC2A4530148FD7 /* BirthdayCalculatorTests.swift */; };
		3DF3F3C26C22CB8F580F83C0 /* NotificationPermissionHelper.swift in Sources */ = {isa = PBXBuildFile; fileRef = D654609E73AC420D24EAFCA2 /* NotificationPermissionHelper.swift */; };
		3E572DCDDD3299E595D2F565 /* FormValidator.swift in Sources */ = {isa = PBXBuildFile; fileRef = BB4A238B9D3BB1782F13C829 /* FormValidator.swift */; };
		3FDBCD5E8C6E5B94825F365B /* DevSettingsView.swift in Sources */ = {isa = PBXBuildFile; fileRef = C54704975D4E3215C6EE11E3 /* DevSettingsView.swift */; };
		4184E6B2443944AB6077A7AE /* AppLogger.swift in Sources */ = {isa = PBXBuildFile; fileRef = 1FCB7E8FECC68A391737DFAF /* AppLogger.swift */; };
		41DD2F19F685E20B6CAA9270 /* AppViewModelTests.swift in Sources */ = {isa = PBXBuildFile; fileRef = AECF9183EC58480016931C68 /* AppViewModelTests.swift */; };
		4688F631BAAFB6A1850550F0 /* BirthdayWidgetData.swift in Sources */ = {isa = PBXBuildFile; fileRef = 8F0FFC29100B5746FDA7B170 /* BirthdayWidgetData.swift */; };
		536C68C701B7445374355897 /* ToastView.swift in Sources */ = {isa = PBXBuildFile; fileRef = 633E1C1B18B0D830A8E305E3 /* ToastView.swift */; };
		586491104A198C84FCCB7B6B /* AIBirthdayMessageSheet.swift in Sources */ = {isa = PBXBuildFile; fileRef = A16DA1E12C8F9F22F099CAF9 /* AIBirthdayMessageSheet.swift */; };
		5AB38A2B566D33FAAC8D5B5A /* AppConfig.swift in Sources */ = {isa = PBXBuildFile; fileRef = E9625CCD9B5CF0D4CD77D3C0 /* AppConfig.swift */; };
		5CB56DD85D350BE96FD24FDD /* AIService.swift in Sources */ = {isa = PBXBuildFile; fileRef = 49F19315FD9DFE8E8059A7D2 /* AIService.swift */; };
		5E461CD06FCC9B092BA2EA4E /* HapticFeedbackTests.swift in Sources */ = {isa = PBXBuildFile; fileRef = 7EAA89C692C942FB0A0FCFB3 /* HapticFeedbackTests.swift */; };
		618B54FA2FCE6FEDA3840D24 /* URLValidator.swift in Sources */ = {isa = PBXBuildFile; fileRef = AB5F559491D1986B505C9C84 /* URLValidator.swift */; };
		6448766B18F8AAA964555537 /* ReminderManager.swift in Sources */ = {isa = PBXBuildFile; fileRef = AF5D518273E7BB19D619E0DF /* ReminderManager.swift */; };
		645974F1F40A1B360A8183CC /* GiftModelValidationTests.swift in Sources */ = {isa = PBXBuildFile; fileRef = EFE2FA9D61AEDE351B3B7718 /* GiftModelValidationTests.swift */; };
		65B1912FED8B5AF4F14EB1B9 /* SettingsView.swift in Sources */ = {isa = PBXBuildFile; fileRef = 1DA8A288E3462C5EBB9F9AAB /* SettingsView.swift */; };
		684E115BBBB63F760C1A2432 /* LegalView.swift in Sources */ = {isa = PBXBuildFile; fileRef = 0D0037FB5CAF098F1BF803F0 /* LegalView.swift */; };
		68527743B264E023656FED35 /* PersonDetailView.swift in Sources */ = {isa = PBXBuildFile; fileRef = 37A3C251DBA0850A3739C291 /* PersonDetailView.swift */; };
		6A8681CDDAB93E30A369AD8D /* FormState.swift in Sources */ = {isa = PBXBuildFile; fileRef = BB528C5CB9257C5B49C23519 /* FormState.swift */; };
		6DED96A46E46750CA87BAE6E /* aiPresentsApp.swift in Sources */ = {isa = PBXBuildFile; fileRef = 8B96234C76EED9BED2CE7C03 /* aiPresentsApp.swift */; };
		6F7B8B4B1ABDF4B49D08BACB /* ReminderManagerTests.swift in Sources */ = {isa = PBXBuildFile; fileRef = C1099CCB57FBD2055364A801 /* ReminderManagerTests.swift */; };
		72D127C0E2753C1B545E38F3 /* AppViewModel.swift in Sources */ = {isa = PBXBuildFile; fileRef = FA0B69485B276F2BE4B9D91A /* AppViewModel.swift */; };
		732FA364B23AF44C17BA69DE /* AllContactsView.swift in Sources */ = {isa = PBXBuildFile; fileRef = 34BCA9B476A8A9DE70B17ABB /* AllContactsView.swift */; };
		7646F3A08BCEF6CA391CDB98 /* SuggestionFeedback.swift in Sources */ = {isa = PBXBuildFile; fileRef = E7A00B208967B7E65E8EED20 /* SuggestionFeedback.swift */; };
		7957F19643497DB441123934 /* ContactsService.swift in Sources */ = {isa = PBXBuildFile; fileRef = A29444B6BDF0731546595DE2 /* ContactsService.swift */; };
		7FD79FE43C9956FDC4512BE9 /* CloudKitContainerTests.swift in Sources */ = {isa = PBXBuildFile; fileRef = 72FF92F2C1CFE11A504F8B36 /* CloudKitContainerTests.swift */; };
		803759AE778885B8326EB53D /* ContactsServiceTests.swift in Sources */ = {isa = PBXBuildFile; fileRef = 95BB6E1690ACBC0C41AE04F7 /* ContactsServiceTests.swift */; };
		831940E5795C3E5929750297 /* SmartInputField.swift in Sources */ = {isa = PBXBuildFile; fileRef = C7C1474BF62BF80C2734793F /* SmartInputField.swift */; };
		83B8D918FDB4ED0D5B20FC62 /* TimelineFilterView.swift in Sources */ = {isa = PBXBuildFile; fileRef = 502554517C926AD4B7EF35EE /* TimelineFilterView.swift */; };
		85F84E3782BF1D0066448A5B /* BirthdayCalculationTests.swift in Sources */ = {isa = PBXBuildFile; fileRef = 2B21B2CB3D74C9F83C2AE0FB /* BirthdayCalculationTests.swift */; };
		86DAF136B7A535DAF00262EF /* ContactsImportView.swift in Sources */ = {isa = PBXBuildFile; fileRef = 9F934DE2CDB4FC1CB5597794 /* ContactsImportView.swift */; };
		88ED29FC5BFFAE3D273DBF27 /* SuggestionFeedbackView.swift in Sources */ = {isa = PBXBuildFile; fileRef = A3185DD71D459EE21A6A0461 /* SuggestionFeedbackView.swift */; };
		89469249B2E38603ADFE0104 /* GiftHistoryRow.swift in Sources */ = {isa = PBXBuildFile; fileRef = 8EB43D682D74B84321507012 /* GiftHistoryRow.swift */; };
		9243DC8E316E82F7A49D34B9 /* EmptyStateView.swift in Sources */ = {isa = PBXBuildFile; fileRef = 84458F69E06194AA2FA07A2F /* EmptyStateView.swift */; };
		927932D1E34BB9B96838198B /* ReminderRule.swift in Sources */ = {isa = PBXBuildFile; fileRef = D54D03939A717560DDD798EB /* ReminderRule.swift */; };
		9427DC3A62E7EFC8747F871D /* AIBirthdayMessageSheetTests.swift in Sources */ = {isa = PBXBuildFile; fileRef = AA443DCF283A93273952F5B3 /* AIBirthdayMessageSheetTests.swift */; };
		9588530C039939683320C67D /* FormStateTests.swift in Sources */ = {isa = PBXBuildFile; fileRef = A52099417BCBD7016D7D7C66 /* FormStateTests.swift */; };
		97207EC8D3DF3E4B7B92D373 /* BirthdayWidgetDataTests.swift in Sources */ = {isa = PBXBuildFile; fileRef = CC8BA551EDF2FC361A5B1CF9 /* BirthdayWidgetDataTests.swift */; };
		9A3709E330DE33EF038443BC /* EditGiftIdeaSheet.swift in Sources */ = {isa = PBXBuildFile; fileRef = 77EBAE8FBB4D37C98D338789 /* EditGiftIdeaSheet.swift */; };
		9B588F5277ED8F1AC7E0EEDF /* CloudKitContainer.swift in Sources */ = {isa = PBXBuildFile; fileRef = F20813A337589F637128FE72 /* CloudKitContainer.swift */; };
		9BF2F2BB730530A2209C0220 /* PersonRef.swift in Sources */ = {isa = PBXBuildFile; fileRef = 98B65F655134CF6668D50BD9 /* PersonRef.swift */; };
		9C3438E34DD32FF19D18E93D /* AccessibilityHelperTests.swift in Sources */ = {isa = PBXBuildFile; fileRef = A92D5A39066D3EB9FAD43895 /* AccessibilityHelperTests.swift */; };
		9D8A60137B72FF9BB1003B7B /* URLValidatorTests.swift in Sources */ = {isa = PBXBuildFile; fileRef = 8A4EEB524DA35DA87130A7F8 /* URLValidatorTests.swift */; };
		9EAB92884A6F8E7938ECF158 /* AddGiftIdeaSheet.swift in Sources */ = {isa = PBXBuildFile; fileRef = B85826FBE4B4726953B846A6 /* AddGiftIdeaSheet.swift */; };
		9EF9567AB92B5327D51D41CB /* BirthdayRow.swift in Sources */ = {isa = PBXBuildFile; fileRef = 071C46EECE18B745ED2FA59A /* BirthdayRow.swift */; };
		A0DFB75E42ECB007BF029AE2 /* FormatterHelper.swift in Sources */ = {isa = PBXBuildFile; fileRef = 27B18845F0E7BC36A990BF92 /* FormatterHelper.swift */; };
		A29EF37FDACCFB7EF166049D /* BirthdayCountdownBadge.swift in Sources */ = {isa = PBXBuildFile; fileRef = A1DC2FAB0628E61CD01F2D04 /* BirthdayCountdownBadge.swift */; };
		A698099C64A398F9C86E12D7 /* ValidationHelper.swift in Sources */ = {isa = PBXBuildFile; fileRef = 8502AF01206747446F5E2EED /* ValidationHelper.swift */; };
		A7C4BDBF71BC24782E5BCB1D /* GiftHistory.swift in Sources */ = {isa = PBXBuildFile; fileRef = 402FEFE3F505A5104FC535A3 /* GiftHistory.swift */; };
		AB7D161D31DE9D83329C23D8 /* AIGiftSuggestionsSheet.swift in Sources */ = {isa = PBXBuildFile; fileRef = 5F40AB1E1511DC380D71223E /* AIGiftSuggestionsSheet.swift */; };
		AC138672CE067DF6B4308C1E /* BirthdayCalculator.swift in Sources */ = {isa = PBXBuildFile; fileRef = 1F1A02B6D7A77AAD75AE1990 /* BirthdayCalculator.swift */; };
		ACEA17D3DC9FB7C0E966472D /* ReminderSettingsView.swift in Sources */ = {isa = PBXBuildFile; fileRef = AEFA201E8C51C26260665346 /* ReminderSettingsView.swift */; };
		ACF2CFCF45EB2312F56815E0 /* ValidationHelperTests.swift in Sources */ = {isa = PBXBuildFile; fileRef = CC88C885EE88547724D7673C /* ValidationHelperTests.swift */; };
		B6F30405FEBA5F73D16CEA09 /* Debouncer.swift in Sources */ = {isa = PBXBuildFile; fileRef = A1CEA4ED4260D661E8A6F60F /* Debouncer.swift */; };
		B805699DF86D36AAA54F0F1C /* AppLoggerTests.swift in Sources */ = {isa = PBXBuildFile; fileRef = 1BAAE077D709F609179254B0 /* AppLoggerTests.swift */; };
		B9854D7E3B02288BCF098983 /* LaunchScreen.swift in Sources */ = {isa = PBXBuildFile; fileRef = F5693E1132B7D77C5A771711 /* LaunchScreen.swift */; };
		BBBEC9B57931CD0BAD5ADE50 /* GiftIdeaRow.swift in Sources */ = {isa = PBXBuildFile; fileRef = AE1E4291C1AE38D026F33B66 /* GiftIdeaRow.swift */; };
		BDF4D04C70CB9E87D9F20383 /* QuickActionCard.swift in Sources */ = {isa = PBXBuildFile; fileRef = D193311408BB3D5C00C5C7D6 /* QuickActionCard.swift */; };
		BF5A0D8F456FEB36868A7A7D /* BudgetRangeView.swift in Sources */ = {isa = PBXBuildFile; fileRef = C2F149C279E46939E0E5D0A0 /* BudgetRangeView.swift */; };
		C03A75E3B72AEF439DCE247B /* SampleDataService.swift in Sources */ = {isa = PBXBuildFile; fileRef = 56B829D839F0FB868391D0FA /* SampleDataService.swift */; };
		C2E8551D0E177976CDA639ED /* AnimationHelperTests.swift in Sources */ = {isa = PBXBuildFile; fileRef = 2D5814499A1D7F07472C1E3A /* AnimationHelperTests.swift */; };
		C94CD9AE41C9F722567DD729 /* AddGiftHistorySheet.swift in Sources */ = {isa = PBXBuildFile; fileRef = 1E5B3C3EB074EAF806AF765C /* AddGiftHistorySheet.swift */; };
		CDDEE1E236CA31840130E0F1 /* ModelValidationTests.swift in Sources */ = {isa = PBXBuildFile; fileRef = E51FAE4D15E483A6BD00D955 /* ModelValidationTests.swift */; };
		D0A081364F49FC363957C51F /* UpcomingBirthdaysView.swift in Sources */ = {isa = PBXBuildFile; fileRef = 28D31152BCC4A0553B7E2DEB /* UpcomingBirthdaysView.swift */; };
		D41082B2ED0E32EFDE1354A9 /* DebouncerTests.swift in Sources */ = {isa = PBXBuildFile; fileRef = 063CAB0C081F446D470C7433 /* DebouncerTests.swift */; };
		D4370B129053585B936FB3EE /* ToastViewTests.swift in Sources */ = {isa = PBXBuildFile; fileRef = CCC5D2F28E192F7222EDA70D /* ToastViewTests.swift */; };
		DB037047927D8B4E3AD267B9 /* ShareSheetView.swift in Sources */ = {isa = PBXBuildFile; fileRef = 639A800C081194B19F639DD7 /* ShareSheetView.swift */; };
		DC9D90107E2252A49DE8F90E /* ButtonStyles.swift in Sources */ = {isa = PBXBuildFile; fileRef = 271E66143DD2D410FCAFD44D /* ButtonStyles.swift */; };
		DE56A3B1C078CF765FF226DE /* AccessibilityConfiguration.swift in Sources */ = {isa = PBXBuildFile; fileRef = 34597EBF8E869A576A033613 /* AccessibilityConfiguration.swift */; };
		DFB1700B4EA9D5C9723CD707 /* SuggestionQualityViewModelTests.swift in Sources */ = {isa = PBXBuildFile; fileRef = 505CF312F2774E4C40670379 /* SuggestionQualityViewModelTests.swift */; };
		E0023769BF1798B1A13832C0 /* FormValidatorTests.swift in Sources */ = {isa = PBXBuildFile; fileRef = 216B383534F0CBFB6BD6242C /* FormValidatorTests.swift */; };
		E7086712F1C4D11F26E86747 /* AppColor.swift in Sources */ = {isa = PBXBuildFile; fileRef = EEFD26EDCE7DBFA7399211E8 /* AppColor.swift */; };
		EC03654945F922BD159E6450 /* EditGiftHistorySheet.swift in Sources */ = {isa = PBXBuildFile; fileRef = D17D4B67981D78B467A46C22 /* EditGiftHistorySheet.swift */; };
		F1632B641E2ADD434097F145 /* AppColorTests.swift in Sources */ = {isa = PBXBuildFile; fileRef = F4BE28E623996C74E0FB24BE /* AppColorTests.swift */; };
		FBB7A3F4309F98B05DC46435 /* AIServiceTests.swift in Sources */ = {isa = PBXBuildFile; fileRef = B67C423C60F6B50FA69691AD /* AIServiceTests.swift */; };
/* End PBXBuildFile section */

/* Begin PBXContainerItemProxy section */
		D6754F152ADADEBEC13B4AEC /* PBXContainerItemProxy */ = {
			isa = PBXContainerItemProxy;
			containerPortal = 3E79656696FDB979EA10FE3E /* Project object */;
			proxyType = 1;
			remoteGlobalIDString = D13703CE0BA0DA2FBA541264;
			remoteInfo = aiPresentsApp;
		};
/* End PBXContainerItemProxy section */

/* Begin PBXFileReference section */
		063CAB0C081F446D470C7433 /* DebouncerTests.swift */ = {isa = PBXFileReference; lastKnownFileType = sourcecode.swift; path = DebouncerTests.swift; sourceTree = "<group>"; };
		071C46EECE18B745ED2FA59A /* BirthdayRow.swift */ = {isa = PBXFileReference; lastKnownFileType = sourcecode.swift; path = BirthdayRow.swift; sourceTree = "<group>"; };
		0750E534FFC66119B4D89A2B /* GiftIdea.swift */ = {isa = PBXFileReference; lastKnownFileType = sourcecode.swift; path = GiftIdea.swift; sourceTree = "<group>"; };
		0D0037FB5CAF098F1BF803F0 /* LegalView.swift */ = {isa = PBXFileReference; lastKnownFileType = sourcecode.swift; path = LegalView.swift; sourceTree = "<group>"; };
		12050DD29ABF53F754FB7448 /* SmartInputFieldTests.swift */ = {isa = PBXFileReference; lastKnownFileType = sourcecode.swift; path = SmartInputFieldTests.swift; sourceTree = "<group>"; };
		12D1D096860C12DFAB2C4D16 /* aiPresentsApp.app */ = {isa = PBXFileReference; includeInIndex = 0; lastKnownFileType = wrapper.application; path = aiPresentsApp.app; sourceTree = BUILT_PRODUCTS_DIR; };
		13136382E4F769A8A8D7C5D0 /* PrivacyView.swift */ = {isa = PBXFileReference; lastKnownFileType = sourcecode.swift; path = PrivacyView.swift; sourceTree = "<group>"; };
		1352AE658416E5B2DEEB06D7 /* AccessibilityHelper.swift */ = {isa = PBXFileReference; lastKnownFileType = sourcecode.swift; path = AccessibilityHelper.swift; sourceTree = "<group>"; };
		1BAAE077D709F609179254B0 /* AppLoggerTests.swift */ = {isa = PBXFileReference; lastKnownFileType = sourcecode.swift; path = AppLoggerTests.swift; sourceTree = "<group>"; };
		1D56F13FD4A2AE4764D571A0 /* AnimationHelper.swift */ = {isa = PBXFileReference; lastKnownFileType = sourcecode.swift; path = AnimationHelper.swift; sourceTree = "<group>"; };
		1DA8A288E3462C5EBB9F9AAB /* SettingsView.swift */ = {isa = PBXFileReference; lastKnownFileType = sourcecode.swift; path = SettingsView.swift; sourceTree = "<group>"; };
		1E5B3C3EB074EAF806AF765C /* AddGiftHistorySheet.swift */ = {isa = PBXFileReference; lastKnownFileType = sourcecode.swift; path = AddGiftHistorySheet.swift; sourceTree = "<group>"; };
		1F1A02B6D7A77AAD75AE1990 /* BirthdayCalculator.swift */ = {isa = PBXFileReference; lastKnownFileType = sourcecode.swift; path = BirthdayCalculator.swift; sourceTree = "<group>"; };
		1FCB7E8FECC68A391737DFAF /* AppLogger.swift */ = {isa = PBXFileReference; lastKnownFileType = sourcecode.swift; path = AppLogger.swift; sourceTree = "<group>"; };
		216B383534F0CBFB6BD6242C /* FormValidatorTests.swift */ = {isa = PBXFileReference; lastKnownFileType = sourcecode.swift; path = FormValidatorTests.swift; sourceTree = "<group>"; };
		271E66143DD2D410FCAFD44D /* ButtonStyles.swift */ = {isa = PBXFileReference; lastKnownFileType = sourcecode.swift; path = ButtonStyles.swift; sourceTree = "<group>"; };
		27B18845F0E7BC36A990BF92 /* FormatterHelper.swift */ = {isa = PBXFileReference; lastKnownFileType = sourcecode.swift; path = FormatterHelper.swift; sourceTree = "<group>"; };
		28D31152BCC4A0553B7E2DEB /* UpcomingBirthdaysView.swift */ = {isa = PBXFileReference; lastKnownFileType = sourcecode.swift; path = UpcomingBirthdaysView.swift; sourceTree = "<group>"; };
		28EBD8BCC91ACE62E4BF02CF /* TimelineView.swift */ = {isa = PBXFileReference; lastKnownFileType = sourcecode.swift; path = TimelineView.swift; sourceTree = "<group>"; };
		2B21B2CB3D74C9F83C2AE0FB /* BirthdayCalculationTests.swift */ = {isa = PBXFileReference; lastKnownFileType = sourcecode.swift; path = BirthdayCalculationTests.swift; sourceTree = "<group>"; };
		2D5814499A1D7F07472C1E3A /* AnimationHelperTests.swift */ = {isa = PBXFileReference; lastKnownFileType = sourcecode.swift; path = AnimationHelperTests.swift; sourceTree = "<group>"; };
		342E7FD1C413FDF65A089708 /* PersonAvatar.swift */ = {isa = PBXFileReference; lastKnownFileType = sourcecode.swift; path = PersonAvatar.swift; sourceTree = "<group>"; };
		34597EBF8E869A576A033613 /* AccessibilityConfiguration.swift */ = {isa = PBXFileReference; lastKnownFileType = sourcecode.swift; path = AccessibilityConfiguration.swift; sourceTree = "<group>"; };
		34BCA9B476A8A9DE70B17ABB /* AllContactsView.swift */ = {isa = PBXFileReference; lastKnownFileType = sourcecode.swift; path = AllContactsView.swift; sourceTree = "<group>"; };
		37A3C251DBA0850A3739C291 /* PersonDetailView.swift */ = {isa = PBXFileReference; lastKnownFileType = sourcecode.swift; path = PersonDetailView.swift; sourceTree = "<group>"; };
		3BC3124099F551F5EA373EA7 /* BirthdayCalculatorThreadSafetyTests.swift */ = {isa = PBXFileReference; lastKnownFileType = sourcecode.swift; path = BirthdayCalculatorThreadSafetyTests.swift; sourceTree = "<group>"; };
		3E62D86AB8F5881C75473D1F /* QuickStatsView.swift */ = {isa = PBXFileReference; lastKnownFileType = sourcecode.swift; path = QuickStatsView.swift; sourceTree = "<group>"; };
		402FEFE3F505A5104FC535A3 /* GiftHistory.swift */ = {isa = PBXFileReference; lastKnownFileType = sourcecode.swift; path = GiftHistory.swift; sourceTree = "<group>"; };
		40B6E83D614EF822E16CE41C /* AppAnimation.swift */ = {isa = PBXFileReference; lastKnownFileType = sourcecode.swift; path = AppAnimation.swift; sourceTree = "<group>"; };
		49F19315FD9DFE8E8059A7D2 /* AIService.swift */ = {isa = PBXFileReference; lastKnownFileType = sourcecode.swift; path = AIService.swift; sourceTree = "<group>"; };
		502554517C926AD4B7EF35EE /* TimelineFilterView.swift */ = {isa = PBXFileReference; lastKnownFileType = sourcecode.swift; path = TimelineFilterView.swift; sourceTree = "<group>"; };
		505CF312F2774E4C40670379 /* SuggestionQualityViewModelTests.swift */ = {isa = PBXFileReference; lastKnownFileType = sourcecode.swift; path = SuggestionQualityViewModelTests.swift; sourceTree = "<group>"; };
		507E0BBB507D60FBD3B50AC0 /* SampleDataServiceTests.swift */ = {isa = PBXFileReference; lastKnownFileType = sourcecode.swift; path = SampleDataServiceTests.swift; sourceTree = "<group>"; };
		56B829D839F0FB868391D0FA /* SampleDataService.swift */ = {isa = PBXFileReference; lastKnownFileType = sourcecode.swift; path = SampleDataService.swift; sourceTree = "<group>"; };
		5F40AB1E1511DC380D71223E /* AIGiftSuggestionsSheet.swift */ = {isa = PBXFileReference; lastKnownFileType = sourcecode.swift; path = AIGiftSuggestionsSheet.swift; sourceTree = "<group>"; };
		5FB7DAD883234BC09E12C476 /* aiPresentsAppTests.xctest */ = {isa = PBXFileReference; includeInIndex = 0; lastKnownFileType = wrapper.cfbundle; path = aiPresentsAppTests.xctest; sourceTree = BUILT_PRODUCTS_DIR; };
		633E1C1B18B0D830A8E305E3 /* ToastView.swift */ = {isa = PBXFileReference; lastKnownFileType = sourcecode.swift; path = ToastView.swift; sourceTree = "<group>"; };
		639A800C081194B19F639DD7 /* ShareSheetView.swift */ = {isa = PBXFileReference; lastKnownFileType = sourcecode.swift; path = ShareSheetView.swift; sourceTree = "<group>"; };
		6A5FC754F1167DC0929B2495 /* HapticFeedback.swift */ = {isa = PBXFileReference; lastKnownFileType = sourcecode.swift; path = HapticFeedback.swift; sourceTree = "<group>"; };
		6F4689396F1072DD2D28E078 /* BirthdayDateHelper.swift */ = {isa = PBXFileReference; lastKnownFileType = sourcecode.swift; path = BirthdayDateHelper.swift; sourceTree = "<group>"; };
		72FF92F2C1CFE11A504F8B36 /* CloudKitContainerTests.swift */ = {isa = PBXFileReference; lastKnownFileType = sourcecode.swift; path = CloudKitContainerTests.swift; sourceTree = "<group>"; };
		75FD7AE2CEAF088F5B17A10E /* Secrets.xcconfig */ = {isa = PBXFileReference; lastKnownFileType = text.xcconfig; path = Secrets.xcconfig; sourceTree = "<group>"; };
		77EBAE8FBB4D37C98D338789 /* EditGiftIdeaSheet.swift */ = {isa = PBXFileReference; lastKnownFileType = sourcecode.swift; path = EditGiftIdeaSheet.swift; sourceTree = "<group>"; };
		78BE49BD68A19D2708B9FF4D /* BirthdayDateHelperTests.swift */ = {isa = PBXFileReference; lastKnownFileType = sourcecode.swift; path = BirthdayDateHelperTests.swift; sourceTree = "<group>"; };
		7EAA89C692C942FB0A0FCFB3 /* HapticFeedbackTests.swift */ = {isa = PBXFileReference; lastKnownFileType = sourcecode.swift; path = HapticFeedbackTests.swift; sourceTree = "<group>"; };
		84458F69E06194AA2FA07A2F /* EmptyStateView.swift */ = {isa = PBXFileReference; lastKnownFileType = sourcecode.swift; path = EmptyStateView.swift; sourceTree = "<group>"; };
		8502AF01206747446F5E2EED /* ValidationHelper.swift */ = {isa = PBXFileReference; lastKnownFileType = sourcecode.swift; path = ValidationHelper.swift; sourceTree = "<group>"; };
		8A4EEB524DA35DA87130A7F8 /* URLValidatorTests.swift */ = {isa = PBXFileReference; lastKnownFileType = sourcecode.swift; path = URLValidatorTests.swift; sourceTree = "<group>"; };
		8B96234C76EED9BED2CE7C03 /* aiPresentsApp.swift */ = {isa = PBXFileReference; lastKnownFileType = sourcecode.swift; path = aiPresentsApp.swift; sourceTree = "<group>"; };
		8EB43D682D74B84321507012 /* GiftHistoryRow.swift */ = {isa = PBXFileReference; lastKnownFileType = sourcecode.swift; path = GiftHistoryRow.swift; sourceTree = "<group>"; };
		8F0FFC29100B5746FDA7B170 /* BirthdayWidgetData.swift */ = {isa = PBXFileReference; lastKnownFileType = sourcecode.swift; path = BirthdayWidgetData.swift; sourceTree = "<group>"; };
		95BB6E1690ACBC0C41AE04F7 /* ContactsServiceTests.swift */ = {isa = PBXFileReference; lastKnownFileType = sourcecode.swift; path = ContactsServiceTests.swift; sourceTree = "<group>"; };
		98B65F655134CF6668D50BD9 /* PersonRef.swift */ = {isa = PBXFileReference; lastKnownFileType = sourcecode.swift; path = PersonRef.swift; sourceTree = "<group>"; };
		9AF1C70D1E7AA24CAA593363 /* BirthdayCalculatorEdgeCasesTests.swift */ = {isa = PBXFileReference; lastKnownFileType = sourcecode.swift; path = BirthdayCalculatorEdgeCasesTests.swift; sourceTree = "<group>"; };
		9E705474AA673040B59B5EBA /* SuggestionQualityViewModel.swift */ = {isa = PBXFileReference; lastKnownFileType = sourcecode.swift; path = SuggestionQualityViewModel.swift; sourceTree = "<group>"; };
		9F934DE2CDB4FC1CB5597794 /* ContactsImportView.swift */ = {isa = PBXFileReference; lastKnownFileType = sourcecode.swift; path = ContactsImportView.swift; sourceTree = "<group>"; };
		9FC35DCCF49380674DAC125E /* BirthdayWidgetView.swift */ = {isa = PBXFileReference; lastKnownFileType = sourcecode.swift; path = BirthdayWidgetView.swift; sourceTree = "<group>"; };
		A16DA1E12C8F9F22F099CAF9 /* AIBirthdayMessageSheet.swift */ = {isa = PBXFileReference; lastKnownFileType = sourcecode.swift; path = AIBirthdayMessageSheet.swift; sourceTree = "<group>"; };
		A1CEA4ED4260D661E8A6F60F /* Debouncer.swift */ = {isa = PBXFileReference; lastKnownFileType = sourcecode.swift; path = Debouncer.swift; sourceTree = "<group>"; };
		A1DC2FAB0628E61CD01F2D04 /* BirthdayCountdownBadge.swift */ = {isa = PBXFileReference; lastKnownFileType = sourcecode.swift; path = BirthdayCountdownBadge.swift; sourceTree = "<group>"; };
		A29444B6BDF0731546595DE2 /* ContactsService.swift */ = {isa = PBXFileReference; lastKnownFileType = sourcecode.swift; path = ContactsService.swift; sourceTree = "<group>"; };
		A3185DD71D459EE21A6A0461 /* SuggestionFeedbackView.swift */ = {isa = PBXFileReference; lastKnownFileType = sourcecode.swift; path = SuggestionFeedbackView.swift; sourceTree = "<group>"; };
		A52099417BCBD7016D7D7C66 /* FormStateTests.swift */ = {isa = PBXFileReference; lastKnownFileType = sourcecode.swift; path = FormStateTests.swift; sourceTree = "<group>"; };
		A546E33A3E3C5AFDBF258820 /* AccessibilityConfigurationTests.swift */ = {isa = PBXFileReference; lastKnownFileType = sourcecode.swift; path = AccessibilityConfigurationTests.swift; sourceTree = "<group>"; };
		A92D5A39066D3EB9FAD43895 /* AccessibilityHelperTests.swift */ = {isa = PBXFileReference; lastKnownFileType = sourcecode.swift; path = AccessibilityHelperTests.swift; sourceTree = "<group>"; };
		AA443DCF283A93273952F5B3 /* AIBirthdayMessageSheetTests.swift */ = {isa = PBXFileReference; lastKnownFileType = sourcecode.swift; path = AIBirthdayMessageSheetTests.swift; sourceTree = "<group>"; };
		AB5F559491D1986B505C9C84 /* URLValidator.swift */ = {isa = PBXFileReference; lastKnownFileType = sourcecode.swift; path = URLValidator.swift; sourceTree = "<group>"; };
		AE1E4291C1AE38D026F33B66 /* GiftIdeaRow.swift */ = {isa = PBXFileReference; lastKnownFileType = sourcecode.swift; path = GiftIdeaRow.swift; sourceTree = "<group>"; };
		AECF9183EC58480016931C68 /* AppViewModelTests.swift */ = {isa = PBXFileReference; lastKnownFileType = sourcecode.swift; path = AppViewModelTests.swift; sourceTree = "<group>"; };
		AEFA201E8C51C26260665346 /* ReminderSettingsView.swift */ = {isa = PBXFileReference; lastKnownFileType = sourcecode.swift; path = ReminderSettingsView.swift; sourceTree = "<group>"; };
		AF5D518273E7BB19D619E0DF /* ReminderManager.swift */ = {isa = PBXFileReference; lastKnownFileType = sourcecode.swift; path = ReminderManager.swift; sourceTree = "<group>"; };
		B67C423C60F6B50FA69691AD /* AIServiceTests.swift */ = {isa = PBXFileReference; lastKnownFileType = sourcecode.swift; path = AIServiceTests.swift; sourceTree = "<group>"; };
		B85826FBE4B4726953B846A6 /* AddGiftIdeaSheet.swift */ = {isa = PBXFileReference; lastKnownFileType = sourcecode.swift; path = AddGiftIdeaSheet.swift; sourceTree = "<group>"; };
		BB4A238B9D3BB1782F13C829 /* FormValidator.swift */ = {isa = PBXFileReference; lastKnownFileType = sourcecode.swift; path = FormValidator.swift; sourceTree = "<group>"; };
		BB528C5CB9257C5B49C23519 /* FormState.swift */ = {isa = PBXFileReference; lastKnownFileType = sourcecode.swift; path = FormState.swift; sourceTree = "<group>"; };
		BE4BD0FE84325AD2FF2976F3 /* AppConfigTests.swift */ = {isa = PBXFileReference; lastKnownFileType = sourcecode.swift; path = AppConfigTests.swift; sourceTree = "<group>"; };
		C1099CCB57FBD2055364A801 /* ReminderManagerTests.swift */ = {isa = PBXFileReference; lastKnownFileType = sourcecode.swift; path = ReminderManagerTests.swift; sourceTree = "<group>"; };
		C2F149C279E46939E0E5D0A0 /* BudgetRangeView.swift */ = {isa = PBXFileReference; lastKnownFileType = sourcecode.swift; path = BudgetRangeView.swift; sourceTree = "<group>"; };
		C54704975D4E3215C6EE11E3 /* DevSettingsView.swift */ = {isa = PBXFileReference; lastKnownFileType = sourcecode.swift; path = DevSettingsView.swift; sourceTree = "<group>"; };
		C761C12855F50AF530F3683B /* OnboardingView.swift */ = {isa = PBXFileReference; lastKnownFileType = sourcecode.swift; path = OnboardingView.swift; sourceTree = "<group>"; };
		C7C1474BF62BF80C2734793F /* SmartInputField.swift */ = {isa = PBXFileReference; lastKnownFileType = sourcecode.swift; path = SmartInputField.swift; sourceTree = "<group>"; };
		CC88C885EE88547724D7673C /* ValidationHelperTests.swift */ = {isa = PBXFileReference; lastKnownFileType = sourcecode.swift; path = ValidationHelperTests.swift; sourceTree = "<group>"; };
		CC8BA551EDF2FC361A5B1CF9 /* BirthdayWidgetDataTests.swift */ = {isa = PBXFileReference; lastKnownFileType = sourcecode.swift; path = BirthdayWidgetDataTests.swift; sourceTree = "<group>"; };
		CCC5D2F28E192F7222EDA70D /* ToastViewTests.swift */ = {isa = PBXFileReference; lastKnownFileType = sourcecode.swift; path = ToastViewTests.swift; sourceTree = "<group>"; };
		D17D4B67981D78B467A46C22 /* EditGiftHistorySheet.swift */ = {isa = PBXFileReference; lastKnownFileType = sourcecode.swift; path = EditGiftHistorySheet.swift; sourceTree = "<group>"; };
		D193311408BB3D5C00C5C7D6 /* QuickActionCard.swift */ = {isa = PBXFileReference; lastKnownFileType = sourcecode.swift; path = QuickActionCard.swift; sourceTree = "<group>"; };
		D54D03939A717560DDD798EB /* ReminderRule.swift */ = {isa = PBXFileReference; lastKnownFileType = sourcecode.swift; path = ReminderRule.swift; sourceTree = "<group>"; };
		D654609E73AC420D24EAFCA2 /* NotificationPermissionHelper.swift */ = {isa = PBXFileReference; lastKnownFileType = sourcecode.swift; path = NotificationPermissionHelper.swift; sourceTree = "<group>"; };
		DBC502D8F73D78DC65FF08F9 /* ContentView.swift */ = {isa = PBXFileReference; lastKnownFileType = sourcecode.swift; path = ContentView.swift; sourceTree = "<group>"; };
		E122F7BB3C94F91B1423D8EB /* GiftSummaryView.swift */ = {isa = PBXFileReference; lastKnownFileType = sourcecode.swift; path = GiftSummaryView.swift; sourceTree = "<group>"; };
		E51FAE4D15E483A6BD00D955 /* ModelValidationTests.swift */ = {isa = PBXFileReference; lastKnownFileType = sourcecode.swift; path = ModelValidationTests.swift; sourceTree = "<group>"; };
		E7A00B208967B7E65E8EED20 /* SuggestionFeedback.swift */ = {isa = PBXFileReference; lastKnownFileType = sourcecode.swift; path = SuggestionFeedback.swift; sourceTree = "<group>"; };
		E9625CCD9B5CF0D4CD77D3C0 /* AppConfig.swift */ = {isa = PBXFileReference; lastKnownFileType = sourcecode.swift; path = AppConfig.swift; sourceTree = "<group>"; };
		EC6FCD24AE708AB86CF01C17 /* FormatterHelperTests.swift */ = {isa = PBXFileReference; lastKnownFileType = sourcecode.swift; path = FormatterHelperTests.swift; sourceTree = "<group>"; };
		EEFD26EDCE7DBFA7399211E8 /* AppColor.swift */ = {isa = PBXFileReference; lastKnownFileType = sourcecode.swift; path = AppColor.swift; sourceTree = "<group>"; };
		EFE2FA9D61AEDE351B3B7718 /* GiftModelValidationTests.swift */ = {isa = PBXFileReference; lastKnownFileType = sourcecode.swift; path = GiftModelValidationTests.swift; sourceTree = "<group>"; };
		F20813A337589F637128FE72 /* CloudKitContainer.swift */ = {isa = PBXFileReference; lastKnownFileType = sourcecode.swift; path = CloudKitContainer.swift; sourceTree = "<group>"; };
		F4BE28E623996C74E0FB24BE /* AppColorTests.swift */ = {isa = PBXFileReference; lastKnownFileType = sourcecode.swift; path = AppColorTests.swift; sourceTree = "<group>"; };
		F5693E1132B7D77C5A771711 /* LaunchScreen.swift */ = {isa = PBXFileReference; lastKnownFileType = sourcecode.swift; path = LaunchScreen.swift; sourceTree = "<group>"; };
		F83B4AFF1A07CE2D4289D65A /* PersonRefExportTests.swift */ = {isa = PBXFileReference; lastKnownFileType = sourcecode.swift; path = PersonRefExportTests.swift; sourceTree = "<group>"; };
		FA0B69485B276F2BE4B9D91A /* AppViewModel.swift */ = {isa = PBXFileReference; lastKnownFileType = sourcecode.swift; path = AppViewModel.swift; sourceTree = "<group>"; };
		FF382AF887CC2A4530148FD7 /* BirthdayCalculatorTests.swift */ = {isa = PBXFileReference; lastKnownFileType = sourcecode.swift; path = BirthdayCalculatorTests.swift; sourceTree = "<group>"; };
/* End PBXFileReference section */

/* Begin PBXGroup section */
		1A6DD27508B184EC5FCC70F4 /* Products */ = {
			isa = PBXGroup;
			children = (
				12D1D096860C12DFAB2C4D16 /* aiPresentsApp.app */,
				5FB7DAD883234BC09E12C476 /* aiPresentsAppTests.xctest */,
			);
			name = Products;
			sourceTree = "<group>";
		};
		2A1D3049F984BF6826B8DBAF = {
			isa = PBXGroup;
			children = (
				4FCCEBBD776A26A884ADB277 /* aiPresentsApp */,
				8D140A209E9842888CA1A887 /* aiPresentsAppTests */,
				4B45DDDE5AC16BA61DCC2F7A /* Config */,
				1A6DD27508B184EC5FCC70F4 /* Products */,
			);
			sourceTree = "<group>";
		};
		34D78A230962A7B1D395A352 /* Components */ = {
			isa = PBXGroup;
			children = (
				C2F149C279E46939E0E5D0A0 /* BudgetRangeView.swift */,
				271E66143DD2D410FCAFD44D /* ButtonStyles.swift */,
				84458F69E06194AA2FA07A2F /* EmptyStateView.swift */,
				D193311408BB3D5C00C5C7D6 /* QuickActionCard.swift */,
				C7C1474BF62BF80C2734793F /* SmartInputField.swift */,
				A3185DD71D459EE21A6A0461 /* SuggestionFeedbackView.swift */,
				502554517C926AD4B7EF35EE /* TimelineFilterView.swift */,
				633E1C1B18B0D830A8E305E3 /* ToastView.swift */,
			);
			path = Components;
			sourceTree = "<group>";
		};
		45237E226317C74A96EF76FD /* ViewModels */ = {
			isa = PBXGroup;
			children = (
				FA0B69485B276F2BE4B9D91A /* AppViewModel.swift */,
				9E705474AA673040B59B5EBA /* SuggestionQualityViewModel.swift */,
			);
			path = ViewModels;
			sourceTree = "<group>";
		};
		4B45DDDE5AC16BA61DCC2F7A /* Config */ = {
			isa = PBXGroup;
			children = (
				75FD7AE2CEAF088F5B17A10E /* Secrets.xcconfig */,
			);
			path = Config;
			sourceTree = "<group>";
		};
		4FCCEBBD776A26A884ADB277 /* aiPresentsApp */ = {
			isa = PBXGroup;
			children = (
				8B96234C76EED9BED2CE7C03 /* aiPresentsApp.swift */,
				87D87F42BB67A0CB420F5D13 /* Models */,
				8AB569293DE41C236F892BA2 /* Resources */,
				E7FDE6F6AFD2CBF79AF0CFDA /* Services */,
				CDD40D800F9F84DE09F417CA /* Utilities */,
				45237E226317C74A96EF76FD /* ViewModels */,
				64DBF3422E738DA33BA938D1 /* Views */,
				B9B6D9B646F55A02A1A7EB1C /* Widgets */,
			);
			name = aiPresentsApp;
			path = Sources/aiPresentsApp;
			sourceTree = "<group>";
		};
		64DBF3422E738DA33BA938D1 /* Views */ = {
			isa = PBXGroup;
			children = (
				1E5B3C3EB074EAF806AF765C /* AddGiftHistorySheet.swift */,
				B85826FBE4B4726953B846A6 /* AddGiftIdeaSheet.swift */,
				A16DA1E12C8F9F22F099CAF9 /* AIBirthdayMessageSheet.swift */,
				5F40AB1E1511DC380D71223E /* AIGiftSuggestionsSheet.swift */,
				34BCA9B476A8A9DE70B17ABB /* AllContactsView.swift */,
				A1DC2FAB0628E61CD01F2D04 /* BirthdayCountdownBadge.swift */,
				071C46EECE18B745ED2FA59A /* BirthdayRow.swift */,
				9F934DE2CDB4FC1CB5597794 /* ContactsImportView.swift */,
				DBC502D8F73D78DC65FF08F9 /* ContentView.swift */,
				C54704975D4E3215C6EE11E3 /* DevSettingsView.swift */,
				D17D4B67981D78B467A46C22 /* EditGiftHistorySheet.swift */,
				77EBAE8FBB4D37C98D338789 /* EditGiftIdeaSheet.swift */,
				8EB43D682D74B84321507012 /* GiftHistoryRow.swift */,
				AE1E4291C1AE38D026F33B66 /* GiftIdeaRow.swift */,
				E122F7BB3C94F91B1423D8EB /* GiftSummaryView.swift */,
				F5693E1132B7D77C5A771711 /* LaunchScreen.swift */,
				0D0037FB5CAF098F1BF803F0 /* LegalView.swift */,
				C761C12855F50AF530F3683B /* OnboardingView.swift */,
				342E7FD1C413FDF65A089708 /* PersonAvatar.swift */,
				37A3C251DBA0850A3739C291 /* PersonDetailView.swift */,
				13136382E4F769A8A8D7C5D0 /* PrivacyView.swift */,
				3E62D86AB8F5881C75473D1F /* QuickStatsView.swift */,
				AEFA201E8C51C26260665346 /* ReminderSettingsView.swift */,
				1DA8A288E3462C5EBB9F9AAB /* SettingsView.swift */,
				639A800C081194B19F639DD7 /* ShareSheetView.swift */,
				28EBD8BCC91ACE62E4BF02CF /* TimelineView.swift */,
				28D31152BCC4A0553B7E2DEB /* UpcomingBirthdaysView.swift */,
				34D78A230962A7B1D395A352 /* Components */,
			);
			path = Views;
			sourceTree = "<group>";
		};
		65F124070173F797FC23F8BF /* UtilityTests */ = {
			isa = PBXGroup;
			children = (
				78BE49BD68A19D2708B9FF4D /* BirthdayDateHelperTests.swift */,
				A52099417BCBD7016D7D7C66 /* FormStateTests.swift */,
				12050DD29ABF53F754FB7448 /* SmartInputFieldTests.swift */,
			);
			path = UtilityTests;
			sourceTree = "<group>";
		};
		87D87F42BB67A0CB420F5D13 /* Models */ = {
			isa = PBXGroup;
			children = (
				402FEFE3F505A5104FC535A3 /* GiftHistory.swift */,
				0750E534FFC66119B4D89A2B /* GiftIdea.swift */,
				98B65F655134CF6668D50BD9 /* PersonRef.swift */,
				D54D03939A717560DDD798EB /* ReminderRule.swift */,
				E7A00B208967B7E65E8EED20 /* SuggestionFeedback.swift */,
			);
			path = Models;
			sourceTree = "<group>";
		};
		8AB569293DE41C236F892BA2 /* Resources */ = {
			isa = PBXGroup;
			children = (
				EEFD26EDCE7DBFA7399211E8 /* AppColor.swift */,
			);
			path = Resources;
			sourceTree = "<group>";
		};
		8D140A209E9842888CA1A887 /* aiPresentsAppTests */ = {
			isa = PBXGroup;
			children = (
				A546E33A3E3C5AFDBF258820 /* AccessibilityConfigurationTests.swift */,
				A92D5A39066D3EB9FAD43895 /* AccessibilityHelperTests.swift */,
				AA443DCF283A93273952F5B3 /* AIBirthdayMessageSheetTests.swift */,
				B67C423C60F6B50FA69691AD /* AIServiceTests.swift */,
				2D5814499A1D7F07472C1E3A /* AnimationHelperTests.swift */,
				F4BE28E623996C74E0FB24BE /* AppColorTests.swift */,
				BE4BD0FE84325AD2FF2976F3 /* AppConfigTests.swift */,
				1BAAE077D709F609179254B0 /* AppLoggerTests.swift */,
				AECF9183EC58480016931C68 /* AppViewModelTests.swift */,
				2B21B2CB3D74C9F83C2AE0FB /* BirthdayCalculationTests.swift */,
				9AF1C70D1E7AA24CAA593363 /* BirthdayCalculatorEdgeCasesTests.swift */,
				FF382AF887CC2A4530148FD7 /* BirthdayCalculatorTests.swift */,
				3BC3124099F551F5EA373EA7 /* BirthdayCalculatorThreadSafetyTests.swift */,
				CC8BA551EDF2FC361A5B1CF9 /* BirthdayWidgetDataTests.swift */,
				72FF92F2C1CFE11A504F8B36 /* CloudKitContainerTests.swift */,
				95BB6E1690ACBC0C41AE04F7 /* ContactsServiceTests.swift */,
				063CAB0C081F446D470C7433 /* DebouncerTests.swift */,
				EC6FCD24AE708AB86CF01C17 /* FormatterHelperTests.swift */,
				216B383534F0CBFB6BD6242C /* FormValidatorTests.swift */,
				EFE2FA9D61AEDE351B3B7718 /* GiftModelValidationTests.swift */,
				7EAA89C692C942FB0A0FCFB3 /* HapticFeedbackTests.swift */,
				E51FAE4D15E483A6BD00D955 /* ModelValidationTests.swift */,
				F83B4AFF1A07CE2D4289D65A /* PersonRefExportTests.swift */,
				C1099CCB57FBD2055364A801 /* ReminderManagerTests.swift */,
				507E0BBB507D60FBD3B50AC0 /* SampleDataServiceTests.swift */,
				505CF312F2774E4C40670379 /* SuggestionQualityViewModelTests.swift */,
				CCC5D2F28E192F7222EDA70D /* ToastViewTests.swift */,
				8A4EEB524DA35DA87130A7F8 /* URLValidatorTests.swift */,
				CC88C885EE88547724D7673C /* ValidationHelperTests.swift */,
				65F124070173F797FC23F8BF /* UtilityTests */,
			);
			name = aiPresentsAppTests;
			path = Tests/aiPresentsAppTests;
			sourceTree = "<group>";
		};
		B9B6D9B646F55A02A1A7EB1C /* Widgets */ = {
			isa = PBXGroup;
			children = (
				9FC35DCCF49380674DAC125E /* BirthdayWidgetView.swift */,
			);
			path = Widgets;
			sourceTree = "<group>";
		};
		CDD40D800F9F84DE09F417CA /* Utilities */ = {
			isa = PBXGroup;
			children = (
				34597EBF8E869A576A033613 /* AccessibilityConfiguration.swift */,
				1352AE658416E5B2DEEB06D7 /* AccessibilityHelper.swift */,
				1D56F13FD4A2AE4764D571A0 /* AnimationHelper.swift */,
				40B6E83D614EF822E16CE41C /* AppAnimation.swift */,
				E9625CCD9B5CF0D4CD77D3C0 /* AppConfig.swift */,
				1FCB7E8FECC68A391737DFAF /* AppLogger.swift */,
				1F1A02B6D7A77AAD75AE1990 /* BirthdayCalculator.swift */,
				6F4689396F1072DD2D28E078 /* BirthdayDateHelper.swift */,
				8F0FFC29100B5746FDA7B170 /* BirthdayWidgetData.swift */,
				A1CEA4ED4260D661E8A6F60F /* Debouncer.swift */,
				27B18845F0E7BC36A990BF92 /* FormatterHelper.swift */,
				BB528C5CB9257C5B49C23519 /* FormState.swift */,
				BB4A238B9D3BB1782F13C829 /* FormValidator.swift */,
				6A5FC754F1167DC0929B2495 /* HapticFeedback.swift */,
				D654609E73AC420D24EAFCA2 /* NotificationPermissionHelper.swift */,
				AB5F559491D1986B505C9C84 /* URLValidator.swift */,
				8502AF01206747446F5E2EED /* ValidationHelper.swift */,
			);
			path = Utilities;
			sourceTree = "<group>";
		};
		E7FDE6F6AFD2CBF79AF0CFDA /* Services */ = {
			isa = PBXGroup;
			children = (
				49F19315FD9DFE8E8059A7D2 /* AIService.swift */,
				F20813A337589F637128FE72 /* CloudKitContainer.swift */,
				A29444B6BDF0731546595DE2 /* ContactsService.swift */,
				AF5D518273E7BB19D619E0DF /* ReminderManager.swift */,
				56B829D839F0FB868391D0FA /* SampleDataService.swift */,
			);
			path = Services;
			sourceTree = "<group>";
		};
/* End PBXGroup section */

/* Begin PBXNativeTarget section */
		D13703CE0BA0DA2FBA541264 /* aiPresentsApp */ = {
			isa = PBXNativeTarget;
			buildConfigurationList = C4490B72513A515B16C386C6 /* Build configuration list for PBXNativeTarget "aiPresentsApp" */;
			buildPhases = (
				F0F620C614527F4B6C672843 /* Sources */,
			);
			buildRules = (
			);
			dependencies = (
			);
			name = aiPresentsApp;
			packageProductDependencies = (
			);
			productName = aiPresentsApp;
			productReference = 12D1D096860C12DFAB2C4D16 /* aiPresentsApp.app */;
			productType = "com.apple.product-type.application";
		};
		DD8B7B44889426081083AF6F /* aiPresentsAppTests */ = {
			isa = PBXNativeTarget;
			buildConfigurationList = 27CBEFAAB78CFAAD50206DB0 /* Build configuration list for PBXNativeTarget "aiPresentsAppTests" */;
			buildPhases = (
				B29527B0E04DD88F845628C0 /* Sources */,
			);
			buildRules = (
			);
			dependencies = (
				B9D151C6EA63E8A3855696CD /* PBXTargetDependency */,
			);
			name = aiPresentsAppTests;
			packageProductDependencies = (
			);
			productName = aiPresentsAppTests;
			productReference = 5FB7DAD883234BC09E12C476 /* aiPresentsAppTests.xctest */;
			productType = "com.apple.product-type.bundle.unit-test";
		};
/* End PBXNativeTarget section */

/* Begin PBXProject section */
		3E79656696FDB979EA10FE3E /* Project object */ = {
			isa = PBXProject;
			attributes = {
				BuildIndependentTargetsInParallel = YES;
				LastUpgradeCheck = 1600;
				TargetAttributes = {
					D13703CE0BA0DA2FBA541264 = {
						DevelopmentTeam = "";
						ProvisioningStyle = Automatic;
					};
				};
			};
			buildConfigurationList = B03DB77583CDFFA6558FED8E /* Build configuration list for PBXProject "ai-presents-app-ios" */;
			compatibilityVersion = "Xcode 14.0";
			developmentRegion = en;
			hasScannedForEncodings = 0;
			knownRegions = (
				Base,
				en,
			);
			mainGroup = 2A1D3049F984BF6826B8DBAF;
			minimizedProjectReferenceProxies = 1;
			preferredProjectObjectVersion = 77;
			projectDirPath = "";
			projectRoot = "";
			targets = (
				D13703CE0BA0DA2FBA541264 /* aiPresentsApp */,
				DD8B7B44889426081083AF6F /* aiPresentsAppTests */,
			);
		};
/* End PBXProject section */

/* Begin PBXSourcesBuildPhase section */
		B29527B0E04DD88F845628C0 /* Sources */ = {
			isa = PBXSourcesBuildPhase;
			buildActionMask = 2147483647;
			files = (
				9427DC3A62E7EFC8747F871D /* AIBirthdayMessageSheetTests.swift in Sources */,
				FBB7A3F4309F98B05DC46435 /* AIServiceTests.swift in Sources */,
				1FD4F88401FFE069FBFD3B3E /* AccessibilityConfigurationTests.swift in Sources */,
				9C3438E34DD32FF19D18E93D /* AccessibilityHelperTests.swift in Sources */,
				C2E8551D0E177976CDA639ED /* AnimationHelperTests.swift in Sources */,
				F1632B641E2ADD434097F145 /* AppColorTests.swift in Sources */,
				223704652E1BAC3EDDF046FC /* AppConfigTests.swift in Sources */,
				B805699DF86D36AAA54F0F1C /* AppLoggerTests.swift in Sources */,
				41DD2F19F685E20B6CAA9270 /* AppViewModelTests.swift in Sources */,
				85F84E3782BF1D0066448A5B /* BirthdayCalculationTests.swift in Sources */,
				1AE22A18E8DF8520632671A6 /* BirthdayCalculatorEdgeCasesTests.swift in Sources */,
				3B35DB430F791BD5DEF5018A /* BirthdayCalculatorTests.swift in Sources */,
				293D6EBEDA0427F92D55F28D /* BirthdayCalculatorThreadSafetyTests.swift in Sources */,
				011B23B9E759F14B51EF9A81 /* BirthdayDateHelperTests.swift in Sources */,
				97207EC8D3DF3E4B7B92D373 /* BirthdayWidgetDataTests.swift in Sources */,
				7FD79FE43C9956FDC4512BE9 /* CloudKitContainerTests.swift in Sources */,
				803759AE778885B8326EB53D /* ContactsServiceTests.swift in Sources */,
				D41082B2ED0E32EFDE1354A9 /* DebouncerTests.swift in Sources */,
				9588530C039939683320C67D /* FormStateTests.swift in Sources */,
				E0023769BF1798B1A13832C0 /* FormValidatorTests.swift in Sources */,
				0EF415E6F6F638BC53BC2113 /* FormatterHelperTests.swift in Sources */,
				645974F1F40A1B360A8183CC /* GiftModelValidationTests.swift in Sources */,
				5E461CD06FCC9B092BA2EA4E /* HapticFeedbackTests.swift in Sources */,
				CDDEE1E236CA31840130E0F1 /* ModelValidationTests.swift in Sources */,
				22D00FD6376BD4B10359B1B5 /* PersonRefExportTests.swift in Sources */,
				6F7B8B4B1ABDF4B49D08BACB /* ReminderManagerTests.swift in Sources */,
				259BBF9C15E6B8EA771EA140 /* SampleDataServiceTests.swift in Sources */,
				2587C2B231841BC97D8E4FF6 /* SmartInputFieldTests.swift in Sources */,
				DFB1700B4EA9D5C9723CD707 /* SuggestionQualityViewModelTests.swift in Sources */,
				D4370B129053585B936FB3EE /* ToastViewTests.swift in Sources */,
				9D8A60137B72FF9BB1003B7B /* URLValidatorTests.swift in Sources */,
				ACF2CFCF45EB2312F56815E0 /* ValidationHelperTests.swift in Sources */,
			);
			runOnlyForDeploymentPostprocessing = 0;
		};
		F0F620C614527F4B6C672843 /* Sources */ = {
			isa = PBXSourcesBuildPhase;
			buildActionMask = 2147483647;
			files = (
				586491104A198C84FCCB7B6B /* AIBirthdayMessageSheet.swift in Sources */,
				AB7D161D31DE9D83329C23D8 /* AIGiftSuggestionsSheet.swift in Sources */,
				5CB56DD85D350BE96FD24FDD /* AIService.swift in Sources */,
				DE56A3B1C078CF765FF226DE /* AccessibilityConfiguration.swift in Sources */,
				24B66A4E2179EF84ACF9109C /* AccessibilityHelper.swift in Sources */,
				C94CD9AE41C9F722567DD729 /* AddGiftHistorySheet.swift in Sources */,
				9EAB92884A6F8E7938ECF158 /* AddGiftIdeaSheet.swift in Sources */,
				732FA364B23AF44C17BA69DE /* AllContactsView.swift in Sources */,
				2ABBEB5E8A432317ADCE5B70 /* AnimationHelper.swift in Sources */,
				19EAD57CD2629FC7D1C796E2 /* AppAnimation.swift in Sources */,
				E7086712F1C4D11F26E86747 /* AppColor.swift in Sources */,
				5AB38A2B566D33FAAC8D5B5A /* AppConfig.swift in Sources */,
				4184E6B2443944AB6077A7AE /* AppLogger.swift in Sources */,
				72D127C0E2753C1B545E38F3 /* AppViewModel.swift in Sources */,
				AC138672CE067DF6B4308C1E /* BirthdayCalculator.swift in Sources */,
				A29EF37FDACCFB7EF166049D /* BirthdayCountdownBadge.swift in Sources */,
				19E005C071527D0AB3DF63EF /* BirthdayDateHelper.swift in Sources */,
				9EF9567AB92B5327D51D41CB /* BirthdayRow.swift in Sources */,
				4688F631BAAFB6A1850550F0 /* BirthdayWidgetData.swift in Sources */,
				0B105CAA3122D6323CE7824E /* BirthdayWidgetView.swift in Sources */,
				BF5A0D8F456FEB36868A7A7D /* BudgetRangeView.swift in Sources */,
				DC9D90107E2252A49DE8F90E /* ButtonStyles.swift in Sources */,
				9B588F5277ED8F1AC7E0EEDF /* CloudKitContainer.swift in Sources */,
				86DAF136B7A535DAF00262EF /* ContactsImportView.swift in Sources */,
				7957F19643497DB441123934 /* ContactsService.swift in Sources */,
				0D6E38A50ABD9ACEF04B8E23 /* ContentView.swift in Sources */,
				B6F30405FEBA5F73D16CEA09 /* Debouncer.swift in Sources */,
				3FDBCD5E8C6E5B94825F365B /* DevSettingsView.swift in Sources */,
				EC03654945F922BD159E6450 /* EditGiftHistorySheet.swift in Sources */,
				9A3709E330DE33EF038443BC /* EditGiftIdeaSheet.swift in Sources */,
				9243DC8E316E82F7A49D34B9 /* EmptyStateView.swift in Sources */,
				6A8681CDDAB93E30A369AD8D /* FormState.swift in Sources */,
				3E572DCDDD3299E595D2F565 /* FormValidator.swift in Sources */,
				A0DFB75E42ECB007BF029AE2 /* FormatterHelper.swift in Sources */,
				A7C4BDBF71BC24782E5BCB1D /* GiftHistory.swift in Sources */,
				89469249B2E38603ADFE0104 /* GiftHistoryRow.swift in Sources */,
				1DFC8F260BC16B738734E9F6 /* GiftIdea.swift in Sources */,
				BBBEC9B57931CD0BAD5ADE50 /* GiftIdeaRow.swift in Sources */,
				1EDBB025331F5B3993DFECFC /* GiftSummaryView.swift in Sources */,
				1BC5F8C5FB57C80C08734734 /* HapticFeedback.swift in Sources */,
				B9854D7E3B02288BCF098983 /* LaunchScreen.swift in Sources */,
				684E115BBBB63F760C1A2432 /* LegalView.swift in Sources */,
				3DF3F3C26C22CB8F580F83C0 /* NotificationPermissionHelper.swift in Sources */,
				2AE6A0E1CBC4D64F9787CCF7 /* OnboardingView.swift in Sources */,
				1F745F8CFFB8022ABD361A57 /* PersonAvatar.swift in Sources */,
				68527743B264E023656FED35 /* PersonDetailView.swift in Sources */,
				9BF2F2BB730530A2209C0220 /* PersonRef.swift in Sources */,
				35605BEC6EFED4E8F25BD06B /* PrivacyView.swift in Sources */,
				BDF4D04C70CB9E87D9F20383 /* QuickActionCard.swift in Sources */,
				0C697D720AA3FB5577641F93 /* QuickStatsView.swift in Sources */,
				6448766B18F8AAA964555537 /* ReminderManager.swift in Sources */,
				927932D1E34BB9B96838198B /* ReminderRule.swift in Sources */,
				ACEA17D3DC9FB7C0E966472D /* ReminderSettingsView.swift in Sources */,
				C03A75E3B72AEF439DCE247B /* SampleDataService.swift in Sources */,
				65B1912FED8B5AF4F14EB1B9 /* SettingsView.swift in Sources */,
				DB037047927D8B4E3AD267B9 /* ShareSheetView.swift in Sources */,
				831940E5795C3E5929750297 /* SmartInputField.swift in Sources */,
				7646F3A08BCEF6CA391CDB98 /* SuggestionFeedback.swift in Sources */,
				88ED29FC5BFFAE3D273DBF27 /* SuggestionFeedbackView.swift in Sources */,
				02BD9144C92EBA217C096D14 /* SuggestionQualityViewModel.swift in Sources */,
				83B8D918FDB4ED0D5B20FC62 /* TimelineFilterView.swift in Sources */,
				257996A13175DB69A33C2232 /* TimelineView.swift in Sources */,
				536C68C701B7445374355897 /* ToastView.swift in Sources */,
				618B54FA2FCE6FEDA3840D24 /* URLValidator.swift in Sources */,
				D0A081364F49FC363957C51F /* UpcomingBirthdaysView.swift in Sources */,
				A698099C64A398F9C86E12D7 /* ValidationHelper.swift in Sources */,
				6DED96A46E46750CA87BAE6E /* aiPresentsApp.swift in Sources */,
			);
			runOnlyForDeploymentPostprocessing = 0;
		};
/* End PBXSourcesBuildPhase section */

/* Begin PBXTargetDependency section */
		B9D151C6EA63E8A3855696CD /* PBXTargetDependency */ = {
			isa = PBXTargetDependency;
			target = D13703CE0BA0DA2FBA541264 /* aiPresentsApp */;
			targetProxy = D6754F152ADADEBEC13B4AEC /* PBXContainerItemProxy */;
		};
/* End PBXTargetDependency section */

/* Begin XCBuildConfiguration section */
		1C7D355D2907D7FBD3B3807F /* Release */ = {
			isa = XCBuildConfiguration;
			buildSettings = {
				ALWAYS_SEARCH_USER_PATHS = NO;
				CLANG_ANALYZER_NONNULL = YES;
				CLANG_ANALYZER_NUMBER_OBJECT_CONVERSION = YES_AGGRESSIVE;
				CLANG_CXX_LANGUAGE_STANDARD = "gnu++14";
				CLANG_CXX_LIBRARY = "libc++";
				CLANG_ENABLE_MODULES = YES;
				CLANG_ENABLE_OBJC_ARC = YES;
				CLANG_ENABLE_OBJC_WEAK = YES;
				CLANG_WARN_BLOCK_CAPTURE_AUTORELEASING = YES;
				CLANG_WARN_BOOL_CONVERSION = YES;
				CLANG_WARN_COMMA = YES;
				CLANG_WARN_CONSTANT_CONVERSION = YES;
				CLANG_WARN_DEPRECATED_OBJC_IMPLEMENTATIONS = YES;
				CLANG_WARN_DIRECT_OBJC_ISA_USAGE = YES_ERROR;
				CLANG_WARN_DOCUMENTATION_COMMENTS = YES;
				CLANG_WARN_EMPTY_BODY = YES;
				CLANG_WARN_ENUM_CONVERSION = YES;
				CLANG_WARN_INFINITE_RECURSION = YES;
				CLANG_WARN_INT_CONVERSION = YES;
				CLANG_WARN_NON_LITERAL_NULL_CONVERSION = YES;
				CLANG_WARN_OBJC_IMPLICIT_RETAIN_SELF = YES;
				CLANG_WARN_OBJC_LITERAL_CONVERSION = YES;
				CLANG_WARN_OBJC_ROOT_CLASS = YES_ERROR;
				CLANG_WARN_QUOTED_INCLUDE_IN_FRAMEWORK_HEADER = YES;
				CLANG_WARN_RANGE_LOOP_ANALYSIS = YES;
				CLANG_WARN_STRICT_PROTOTYPES = YES;
				CLANG_WARN_SUSPICIOUS_MOVE = YES;
				CLANG_WARN_UNGUARDED_AVAILABILITY = YES_AGGRESSIVE;
				CLANG_WARN_UNREACHABLE_CODE = YES;
				CLANG_WARN__DUPLICATE_METHOD_MATCH = YES;
				COPY_PHASE_STRIP = NO;
				DEBUG_INFORMATION_FORMAT = "dwarf-with-dsym";
				ENABLE_NS_ASSERTIONS = NO;
				ENABLE_STRICT_OBJC_MSGSEND = YES;
				GCC_C_LANGUAGE_STANDARD = gnu11;
				GCC_NO_COMMON_BLOCKS = YES;
				GCC_WARN_64_TO_32_BIT_CONVERSION = YES;
				GCC_WARN_ABOUT_RETURN_TYPE = YES_ERROR;
				GCC_WARN_UNDECLARED_SELECTOR = YES;
				GCC_WARN_UNINITIALIZED_AUTOS = YES_AGGRESSIVE;
				GCC_WARN_UNUSED_FUNCTION = YES;
				GCC_WARN_UNUSED_VARIABLE = YES;
				IPHONEOS_DEPLOYMENT_TARGET = 17.0;
				MTL_ENABLE_DEBUG_INFO = NO;
				MTL_FAST_MATH = YES;
				PRODUCT_NAME = "$(TARGET_NAME)";
				SDKROOT = iphoneos;
				SWIFT_COMPILATION_MODE = wholemodule;
				SWIFT_OPTIMIZATION_LEVEL = "-O";
				SWIFT_VERSION = 5.0;
			};
			name = Release;
		};
		37F79148F46A936C3BDF3B58 /* Debug */ = {
			isa = XCBuildConfiguration;
			baseConfigurationReference = 75FD7AE2CEAF088F5B17A10E /* Secrets.xcconfig */;
			buildSettings = {
				ASSETCATALOG_COMPILER_APPICON_NAME = AppIcon;
				CODE_SIGNING_ALLOWED = NO;
				CODE_SIGNING_REQUIRED = NO;
				CODE_SIGN_IDENTITY = "iPhone Developer";
				CODE_SIGN_STYLE = Automatic;
				DEVELOPMENT_TEAM = "";
				INFOPLIST_FILE = App/Info.plist;
				IPHONEOS_DEPLOYMENT_TARGET = 17.0;
				LD_RUNPATH_SEARCH_PATHS = (
					"$(inherited)",
					"@executable_path/Frameworks",
				);
				PRODUCT_BUNDLE_IDENTIFIER = "com.harryhirsch1878.ai-presents-app";
				SDKROOT = iphoneos;
				SWIFT_VERSION = 5.9;
				TARGETED_DEVICE_FAMILY = "1,2";
			};
			name = Debug;
		};
		6BE8539154B5166DD6509166 /* Debug */ = {
			isa = XCBuildConfiguration;
			buildSettings = {
				ALWAYS_SEARCH_USER_PATHS = NO;
				CLANG_ANALYZER_NONNULL = YES;
				CLANG_ANALYZER_NUMBER_OBJECT_CONVERSION = YES_AGGRESSIVE;
				CLANG_CXX_LANGUAGE_STANDARD = "gnu++14";
				CLANG_CXX_LIBRARY = "libc++";
				CLANG_ENABLE_MODULES = YES;
				CLANG_ENABLE_OBJC_ARC = YES;
				CLANG_ENABLE_OBJC_WEAK = YES;
				CLANG_WARN_BLOCK_CAPTURE_AUTORELEASING = YES;
				CLANG_WARN_BOOL_CONVERSION = YES;
				CLANG_WARN_COMMA = YES;
				CLANG_WARN_CONSTANT_CONVERSION = YES;
				CLANG_WARN_DEPRECATED_OBJC_IMPLEMENTATIONS = YES;
				CLANG_WARN_DIRECT_OBJC_ISA_USAGE = YES_ERROR;
				CLANG_WARN_DOCUMENTATION_COMMENTS = YES;
				CLANG_WARN_EMPTY_BODY = YES;
				CLANG_WARN_ENUM_CONVERSION = YES;
				CLANG_WARN_INFINITE_RECURSION = YES;
				CLANG_WARN_INT_CONVERSION = YES;
				CLANG_WARN_NON_LITERAL_NULL_CONVERSION = YES;
				CLANG_WARN_OBJC_IMPLICIT_RETAIN_SELF = YES;
				CLANG_WARN_OBJC_LITERAL_CONVERSION = YES;
				CLANG_WARN_OBJC_ROOT_CLASS = YES_ERROR;
				CLANG_WARN_QUOTED_INCLUDE_IN_FRAMEWORK_HEADER = YES;
				CLANG_WARN_RANGE_LOOP_ANALYSIS = YES;
				CLANG_WARN_STRICT_PROTOTYPES = YES;
				CLANG_WARN_SUSPICIOUS_MOVE = YES;
				CLANG_WARN_UNGUARDED_AVAILABILITY = YES_AGGRESSIVE;
				CLANG_WARN_UNREACHABLE_CODE = YES;
				CLANG_WARN__DUPLICATE_METHOD_MATCH = YES;
				COPY_PHASE_STRIP = NO;
				DEBUG_INFORMATION_FORMAT = dwarf;
				ENABLE_STRICT_OBJC_MSGSEND = YES;
				ENABLE_TESTABILITY = YES;
				GCC_C_LANGUAGE_STANDARD = gnu11;
				GCC_DYNAMIC_NO_PIC = NO;
				GCC_NO_COMMON_BLOCKS = YES;
				GCC_OPTIMIZATION_LEVEL = 0;
				GCC_PREPROCESSOR_DEFINITIONS = (
					"$(inherited)",
					"DEBUG=1",
				);
				GCC_WARN_64_TO_32_BIT_CONVERSION = YES;
				GCC_WARN_ABOUT_RETURN_TYPE = YES_ERROR;
				GCC_WARN_UNDECLARED_SELECTOR = YES;
				GCC_WARN_UNINITIALIZED_AUTOS = YES_AGGRESSIVE;
				GCC_WARN_UNUSED_FUNCTION = YES;
				GCC_WARN_UNUSED_VARIABLE = YES;
				IPHONEOS_DEPLOYMENT_TARGET = 17.0;
				MTL_ENABLE_DEBUG_INFO = INCLUDE_SOURCE;
				MTL_FAST_MATH = YES;
				ONLY_ACTIVE_ARCH = YES;
				PRODUCT_NAME = "$(TARGET_NAME)";
				SDKROOT = iphoneos;
				SWIFT_ACTIVE_COMPILATION_CONDITIONS = DEBUG;
				SWIFT_OPTIMIZATION_LEVEL = "-Onone";
				SWIFT_VERSION = 5.0;
			};
			name = Debug;
		};
		A67059272BC613BB62F8D0D2 /* Release */ = {
			isa = XCBuildConfiguration;
			buildSettings = {
				BUNDLE_LOADER = "$(TEST_HOST)";
				CODE_SIGNING_ALLOWED = NO;
				CODE_SIGNING_REQUIRED = NO;
				IPHONEOS_DEPLOYMENT_TARGET = 17.0;
				LD_RUNPATH_SEARCH_PATHS = (
					"$(inherited)",
					"@executable_path/Frameworks",
					"@loader_path/Frameworks",
				);
				PRODUCT_BUNDLE_IDENTIFIER = com.harryhirsch1878.aiPresentsAppTests;
				SDKROOT = iphoneos;
				SWIFT_VERSION = 5.9;
				TARGETED_DEVICE_FAMILY = "1,2";
				TEST_HOST = "$(BUILT_PRODUCTS_DIR)/aiPresentsApp.app/$(BUNDLE_EXECUTABLE_FOLDER_PATH)/aiPresentsApp";
			};
			name = Release;
		};
		BBA74B65F9DEB007B0DA216F /* Release */ = {
			isa = XCBuildConfiguration;
			baseConfigurationReference = 75FD7AE2CEAF088F5B17A10E /* Secrets.xcconfig */;
			buildSettings = {
				ASSETCATALOG_COMPILER_APPICON_NAME = AppIcon;
				CODE_SIGNING_ALLOWED = NO;
				CODE_SIGNING_REQUIRED = NO;
				CODE_SIGN_IDENTITY = "iPhone Developer";
				CODE_SIGN_STYLE = Automatic;
				DEVELOPMENT_TEAM = "";
				INFOPLIST_FILE = App/Info.plist;
				IPHONEOS_DEPLOYMENT_TARGET = 17.0;
				LD_RUNPATH_SEARCH_PATHS = (
					"$(inherited)",
					"@executable_path/Frameworks",
				);
				PRODUCT_BUNDLE_IDENTIFIER = "com.harryhirsch1878.ai-presents-app";
				SDKROOT = iphoneos;
				SWIFT_VERSION = 5.9;
				TARGETED_DEVICE_FAMILY = "1,2";
			};
			name = Release;
		};
		F00BDC634B4B0ACB90C070CB /* Debug */ = {
			isa = XCBuildConfiguration;
			buildSettings = {
				BUNDLE_LOADER = "$(TEST_HOST)";
				CODE_SIGNING_ALLOWED = NO;
				CODE_SIGNING_REQUIRED = NO;
				IPHONEOS_DEPLOYMENT_TARGET = 17.0;
				LD_RUNPATH_SEARCH_PATHS = (
					"$(inherited)",
					"@executable_path/Frameworks",
					"@loader_path/Frameworks",
				);
				PRODUCT_BUNDLE_IDENTIFIER = com.harryhirsch1878.aiPresentsAppTests;
				SDKROOT = iphoneos;
				SWIFT_VERSION = 5.9;
				TARGETED_DEVICE_FAMILY = "1,2";
				TEST_HOST = "$(BUILT_PRODUCTS_DIR)/aiPresentsApp.app/$(BUNDLE_EXECUTABLE_FOLDER_PATH)/aiPresentsApp";
			};
			name = Debug;
		};
/* End XCBuildConfiguration section */

/* Begin XCConfigurationList section */
		27CBEFAAB78CFAAD50206DB0 /* Build configuration list for PBXNativeTarget "aiPresentsAppTests" */ = {
			isa = XCConfigurationList;
			buildConfigurations = (
				F00BDC634B4B0ACB90C070CB /* Debug */,
				A67059272BC613BB62F8D0D2 /* Release */,
			);
			defaultConfigurationIsVisible = 0;
			defaultConfigurationName = Debug;
		};
		B03DB77583CDFFA6558FED8E /* Build configuration list for PBXProject "ai-presents-app-ios" */ = {
			isa = XCConfigurationList;
			buildConfigurations = (
				6BE8539154B5166DD6509166 /* Debug */,
				1C7D355D2907D7FBD3B3807F /* Release */,
			);
			defaultConfigurationIsVisible = 0;
			defaultConfigurationName = Debug;
		};
		C4490B72513A515B16C386C6 /* Build configuration list for PBXNativeTarget "aiPresentsApp" */ = {
			isa = XCConfigurationList;
			buildConfigurations = (
				37F79148F46A936C3BDF3B58 /* Debug */,
				BBA74B65F9DEB007B0DA216F /* Release */,
			);
			defaultConfigurationIsVisible = 0;
			defaultConfigurationName = Debug;
		};
/* End XCConfigurationList section */
	};
	rootObject = 3E79656696FDB979EA10FE3E /* Project object */;
}
