// !$*UTF8*$!
{
	archiveVersion = 1;
	classes = {
	};
	objectVersion = 77;
	objects = {

/* Begin PBXBuildFile section */
		011B23B9E759F14B51EF9A81 /* BirthdayDateHelperTests.swift in Sources */ = {isa = PBXBuildFile; fileRef = 78BE49BD68A19D2708B9FF4D /* BirthdayDateHelperTests.swift */; };
		02BD9144C92EBA217C096D14 /* SuggestionQualityViewModel.swift in Sources */ = {isa = PBXBuildFile; fileRef = 9E705474AA673040B59B5EBA /* SuggestionQualityViewModel.swift */; };
		0630A95A542BA683B7B03A09 /* demo-hans.jpg in Resources */ = {isa = PBXBuildFile; fileRef = AA0ACA005426F88C2D806DF7 /* demo-hans.jpg */; };
		0B105CAA3122D6323CE7824E /* BirthdayWidgetView.swift in Sources */ = {isa = PBXBuildFile; fileRef = 9FC35DCCF49380674DAC125E /* BirthdayWidgetView.swift */; };
		0D3739160A5B71DD7F9E76F7 /* LegalView.swift in Sources */ = {isa = PBXBuildFile; fileRef = 88A28EFE658E6EEEB73069B2 /* LegalView.swift */; };
		0D6E38A50ABD9ACEF04B8E23 /* ContentView.swift in Sources */ = {isa = PBXBuildFile; fileRef = DBC502D8F73D78DC65FF08F9 /* ContentView.swift */; };
		0EF415E6F6F638BC53BC2113 /* FormatterHelperTests.swift in Sources */ = {isa = PBXBuildFile; fileRef = EC6FCD24AE708AB86CF01C17 /* FormatterHelperTests.swift */; };
		0F66BC114F37B8D0B16A630F /* Localizable.xcstrings in Resources */ = {isa = PBXBuildFile; fileRef = E216F336B476E2A5E5DEF4BB /* Localizable.xcstrings */; };
		19E005C071527D0AB3DF63EF /* BirthdayDateHelper.swift in Sources */ = {isa = PBXBuildFile; fileRef = 6F4689396F1072DD2D28E078 /* BirthdayDateHelper.swift */; };
		19E9A3274F1DEA8DBD575123 /* TimelineView.swift in Sources */ = {isa = PBXBuildFile; fileRef = 0D67459933E4675EC2D59215 /* TimelineView.swift */; };
		19EAD57CD2629FC7D1C796E2 /* AppAnimation.swift in Sources */ = {isa = PBXBuildFile; fileRef = 40B6E83D614EF822E16CE41C /* AppAnimation.swift */; };
		1AE22A18E8DF8520632671A6 /* BirthdayCalculatorEdgeCasesTests.swift in Sources */ = {isa = PBXBuildFile; fileRef = 9AF1C70D1E7AA24CAA593363 /* BirthdayCalculatorEdgeCasesTests.swift */; };
		1BC5F8C5FB57C80C08734734 /* HapticFeedback.swift in Sources */ = {isa = PBXBuildFile; fileRef = 6A5FC754F1167DC0929B2495 /* HapticFeedback.swift */; };
		1C9734BA2FC042AFD449F8E5 /* demo-emma.jpg in Resources */ = {isa = PBXBuildFile; fileRef = FAF0A2E50D02422EB8D6F529 /* demo-emma.jpg */; };
		1DFC8F260BC16B738734E9F6 /* GiftIdea.swift in Sources */ = {isa = PBXBuildFile; fileRef = 0750E534FFC66119B4D89A2B /* GiftIdea.swift */; };
		1FD4F88401FFE069FBFD3B3E /* AccessibilityConfigurationTests.swift in Sources */ = {isa = PBXBuildFile; fileRef = A546E33A3E3C5AFDBF258820 /* AccessibilityConfigurationTests.swift */; };
		223704652E1BAC3EDDF046FC /* AppConfigTests.swift in Sources */ = {isa = PBXBuildFile; fileRef = BE4BD0FE84325AD2FF2976F3 /* AppConfigTests.swift */; };
		22D00FD6376BD4B10359B1B5 /* PersonRefExportTests.swift in Sources */ = {isa = PBXBuildFile; fileRef = F83B4AFF1A07CE2D4289D65A /* PersonRefExportTests.swift */; };
		24B66A4E2179EF84ACF9109C /* AccessibilityHelper.swift in Sources */ = {isa = PBXBuildFile; fileRef = 1352AE658416E5B2DEEB06D7 /* AccessibilityHelper.swift */; };
		2587C2B231841BC97D8E4FF6 /* SmartInputFieldTests.swift in Sources */ = {isa = PBXBuildFile; fileRef = 12050DD29ABF53F754FB7448 /* SmartInputFieldTests.swift */; };
		259BBF9C15E6B8EA771EA140 /* SampleDataServiceTests.swift in Sources */ = {isa = PBXBuildFile; fileRef = 507E0BBB507D60FBD3B50AC0 /* SampleDataServiceTests.swift */; };
		2740B387B0AFC11EE6549B7B /* AddGiftHistorySheet.swift in Sources */ = {isa = PBXBuildFile; fileRef = 624B827CFCB9D3C7D8C92841 /* AddGiftHistorySheet.swift */; };
		288B939B5B82311CC9271EB9 /* ReminderSettingsView.swift in Sources */ = {isa = PBXBuildFile; fileRef = 4B3DCE06A0DFE3AB2C55B83F /* ReminderSettingsView.swift */; };
		293D6EBEDA0427F92D55F28D /* BirthdayCalculatorThreadSafetyTests.swift in Sources */ = {isa = PBXBuildFile; fileRef = 3BC3124099F551F5EA373EA7 /* BirthdayCalculatorThreadSafetyTests.swift */; };
		2ABBEB5E8A432317ADCE5B70 /* AnimationHelper.swift in Sources */ = {isa = PBXBuildFile; fileRef = 1D56F13FD4A2AE4764D571A0 /* AnimationHelper.swift */; };
		2FA251DE8BF357AB13AB9B90 /* PrivacyInfo.xcprivacy in Resources */ = {isa = PBXBuildFile; fileRef = E19AFC50D527EF534E758C21 /* PrivacyInfo.xcprivacy */; };
		302089CCD50FCAE95999D515 /* AIConsentManagerTests.swift in Sources */ = {isa = PBXBuildFile; fileRef = 463BBEC37B287A1D9FCC89A3 /* AIConsentManagerTests.swift */; };
		35BC16F120ECF2AEA82B7EED /* WidgetDataService.swift in Sources */ = {isa = PBXBuildFile; fileRef = A6EB8AD13515C4A79913E22B /* WidgetDataService.swift */; };
		394B25271A05013E17B413FF /* NochOhneGeschenkSection.swift in Sources */ = {isa = PBXBuildFile; fileRef = D5F96D1561167E4419327758 /* NochOhneGeschenkSection.swift */; };
		3B35DB430F791BD5DEF5018A /* BirthdayCalculatorTests.swift in Sources */ = {isa = PBXBuildFile; fileRef = FF382AF887CC2A4530148FD7 /* BirthdayCalculatorTests.swift */; };
		3C76F2D83CA9E5A6F1A2FAA9 /* AllContactsView.swift in Sources */ = {isa = PBXBuildFile; fileRef = FBB76E3E6785A675037F3D79 /* AllContactsView.swift */; };
		3D50FD8737ED88810260C6C0 /* AIGiftSuggestionsSheet.swift in Sources */ = {isa = PBXBuildFile; fileRef = B6B3346F947F83DB766598DA /* AIGiftSuggestionsSheet.swift */; };
		3DF3F3C26C22CB8F580F83C0 /* NotificationPermissionHelper.swift in Sources */ = {isa = PBXBuildFile; fileRef = D654609E73AC420D24EAFCA2 /* NotificationPermissionHelper.swift */; };
		3E0804C4CB74C312EED37B4F /* BirthdayTimelineProvider.swift in Sources */ = {isa = PBXBuildFile; fileRef = 987579EBF3FB66AC923CA758 /* BirthdayTimelineProvider.swift */; };
		3E572DCDDD3299E595D2F565 /* FormValidator.swift in Sources */ = {isa = PBXBuildFile; fileRef = BB4A238B9D3BB1782F13C829 /* FormValidator.swift */; };
		400365EF33DDCECA2B3AE6C6 /* SpeechRecognitionService.swift in Sources */ = {isa = PBXBuildFile; fileRef = BA3BFC741FC7522FB943DEC6 /* SpeechRecognitionService.swift */; };
		41738A790292E3AE191C0333 /* demo-michael.jpg in Resources */ = {isa = PBXBuildFile; fileRef = 64C584B17491C3120AF1DF0B /* demo-michael.jpg */; };
		4184E6B2443944AB6077A7AE /* AppLogger.swift in Sources */ = {isa = PBXBuildFile; fileRef = 1FCB7E8FECC68A391737DFAF /* AppLogger.swift */; };
		43CFD7DFC511954691EAA57B /* CurrencyManager.swift in Sources */ = {isa = PBXBuildFile; fileRef = 24CB6420BDF5CF7A64EC62AB /* CurrencyManager.swift */; };
		44475B6B9052225B83F66E8D /* EditGiftHistorySheet.swift in Sources */ = {isa = PBXBuildFile; fileRef = 711769EFA88D8FC06C5A5572 /* EditGiftHistorySheet.swift */; };
		452B098D43648CAD88063CA7 /* demo-peter.jpg in Resources */ = {isa = PBXBuildFile; fileRef = 0DF552A504FEB6F294F90285 /* demo-peter.jpg */; };
		4688F631BAAFB6A1850550F0 /* BirthdayWidgetData.swift in Sources */ = {isa = PBXBuildFile; fileRef = 8F0FFC29100B5746FDA7B170 /* BirthdayWidgetData.swift */; };
		4BB8F952AE94C51E3B6E502B /* demo-max.jpg in Resources */ = {isa = PBXBuildFile; fileRef = C140E38D86B8B10857861C83 /* demo-max.jpg */; };
		511BCECA0736D37EC1EA5746 /* AIChatView.swift in Sources */ = {isa = PBXBuildFile; fileRef = FD9995C6AE43B45FD1F56F19 /* AIChatView.swift */; };
		536C68C701B7445374355897 /* ToastView.swift in Sources */ = {isa = PBXBuildFile; fileRef = 633E1C1B18B0D830A8E305E3 /* ToastView.swift */; };
		5588AE9AB8463F7BF41CD246 /* PersonDetailView.swift in Sources */ = {isa = PBXBuildFile; fileRef = A1FEF71AF911AEF88A1FD15D /* PersonDetailView.swift */; };
		5AB38A2B566D33FAAC8D5B5A /* AppConfig.swift in Sources */ = {isa = PBXBuildFile; fileRef = E9625CCD9B5CF0D4CD77D3C0 /* AppConfig.swift */; };
		5CB56DD85D350BE96FD24FDD /* AIService.swift in Sources */ = {isa = PBXBuildFile; fileRef = 49F19315FD9DFE8E8059A7D2 /* AIService.swift */; };
		5D92B07A74082F74F8F3613D /* BirthdayCountdownBadge.swift in Sources */ = {isa = PBXBuildFile; fileRef = F0E2AFB4F054F2327E661194 /* BirthdayCountdownBadge.swift */; };
		5E461CD06FCC9B092BA2EA4E /* HapticFeedbackTests.swift in Sources */ = {isa = PBXBuildFile; fileRef = 7EAA89C692C942FB0A0FCFB3 /* HapticFeedbackTests.swift */; };
		5F9A0C7FCB67D118A9EDF9CE /* demo-anna.jpg in Resources */ = {isa = PBXBuildFile; fileRef = F79BE3D8FCC1B5CB99E57DBB /* demo-anna.jpg */; };
		618B54FA2FCE6FEDA3840D24 /* URLValidator.swift in Sources */ = {isa = PBXBuildFile; fileRef = AB5F559491D1986B505C9C84 /* URLValidator.swift */; };
		6448766B18F8AAA964555537 /* ReminderManager.swift in Sources */ = {isa = PBXBuildFile; fileRef = AF5D518273E7BB19D619E0DF /* ReminderManager.swift */; };
		645974F1F40A1B360A8183CC /* GiftModelValidationTests.swift in Sources */ = {isa = PBXBuildFile; fileRef = EFE2FA9D61AEDE351B3B7718 /* GiftModelValidationTests.swift */; };
		6686A8787F67137D4E2656A8 /* AddGiftIdeaSheet.swift in Sources */ = {isa = PBXBuildFile; fileRef = BD526AAD5CC9486A0290B2B8 /* AddGiftIdeaSheet.swift */; };
		672DC7E93D3BE9EE48016044 /* SettingsView.swift in Sources */ = {isa = PBXBuildFile; fileRef = 722036218687E49E95EF8A33 /* SettingsView.swift */; };
		6A843E076521CAF9B67CEFBD /* ChatMessage.swift in Sources */ = {isa = PBXBuildFile; fileRef = 2B618522D35422F2E3961784 /* ChatMessage.swift */; };
		6A8681CDDAB93E30A369AD8D /* FormState.swift in Sources */ = {isa = PBXBuildFile; fileRef = BB528C5CB9257C5B49C23519 /* FormState.swift */; };
		6DED96A46E46750CA87BAE6E /* aiPresentsApp.swift in Sources */ = {isa = PBXBuildFile; fileRef = 8B96234C76EED9BED2CE7C03 /* aiPresentsApp.swift */; };
		6F7B8B4B1ABDF4B49D08BACB /* ReminderManagerTests.swift in Sources */ = {isa = PBXBuildFile; fileRef = C1099CCB57FBD2055364A801 /* ReminderManagerTests.swift */; };
		7574E0C815AA410516F222F2 /* AIConsentManager.swift in Sources */ = {isa = PBXBuildFile; fileRef = B1E90FAE8B819BCA02CD3D47 /* AIConsentManager.swift */; };
		758D27DA2137FB05214AF2A7 /* HobbiesChipView.swift in Sources */ = {isa = PBXBuildFile; fileRef = 0F28E31AFE15E5C5BF328E7F /* HobbiesChipView.swift */; };
		76451A86ED7DAD408D957293 /* GiftHistoryRow.swift in Sources */ = {isa = PBXBuildFile; fileRef = 8B56C3E141AAE5222EF953CE /* GiftHistoryRow.swift */; };
		7646F3A08BCEF6CA391CDB98 /* SuggestionFeedback.swift in Sources */ = {isa = PBXBuildFile; fileRef = E7A00B208967B7E65E8EED20 /* SuggestionFeedback.swift */; };
		7957F19643497DB441123934 /* ContactsService.swift in Sources */ = {isa = PBXBuildFile; fileRef = A29444B6BDF0731546595DE2 /* ContactsService.swift */; };
		803759AE778885B8326EB53D /* ContactsServiceTests.swift in Sources */ = {isa = PBXBuildFile; fileRef = 95BB6E1690ACBC0C41AE04F7 /* ContactsServiceTests.swift */; };
		831940E5795C3E5929750297 /* SmartInputField.swift in Sources */ = {isa = PBXBuildFile; fileRef = C7C1474BF62BF80C2734793F /* SmartInputField.swift */; };
		83B8D918FDB4ED0D5B20FC62 /* TimelineFilterView.swift in Sources */ = {isa = PBXBuildFile; fileRef = 502554517C926AD4B7EF35EE /* TimelineFilterView.swift */; };
		84656637788C8AB6FB5FD211 /* BirthdayWidgetViews.swift in Sources */ = {isa = PBXBuildFile; fileRef = 2995C4F05BD8267A5F3EB228 /* BirthdayWidgetViews.swift */; };
		8501B070F5EFF7678DC7071C /* ChatInputBar.swift in Sources */ = {isa = PBXBuildFile; fileRef = 44DDD4E6A61E3B0E0D97E57E /* ChatInputBar.swift */; };
		85F84E3782BF1D0066448A5B /* BirthdayCalculationTests.swift in Sources */ = {isa = PBXBuildFile; fileRef = 2B21B2CB3D74C9F83C2AE0FB /* BirthdayCalculationTests.swift */; };
		88ED29FC5BFFAE3D273DBF27 /* SuggestionFeedbackView.swift in Sources */ = {isa = PBXBuildFile; fileRef = A3185DD71D459EE21A6A0461 /* SuggestionFeedbackView.swift */; };
		9243DC8E316E82F7A49D34B9 /* EmptyStateView.swift in Sources */ = {isa = PBXBuildFile; fileRef = 84458F69E06194AA2FA07A2F /* EmptyStateView.swift */; };
		927932D1E34BB9B96838198B /* ReminderRule.swift in Sources */ = {isa = PBXBuildFile; fileRef = D54D03939A717560DDD798EB /* ReminderRule.swift */; };
		9427DC3A62E7EFC8747F871D /* AIBirthdayMessageSheetTests.swift in Sources */ = {isa = PBXBuildFile; fileRef = AA443DCF283A93273952F5B3 /* AIBirthdayMessageSheetTests.swift */; };
		957D35ED0EDC35A8C09D2D4E /* EditGiftIdeaSheet.swift in Sources */ = {isa = PBXBuildFile; fileRef = 8769414B8C61426492D58056 /* EditGiftIdeaSheet.swift */; };
		9588530C039939683320C67D /* FormStateTests.swift in Sources */ = {isa = PBXBuildFile; fileRef = A52099417BCBD7016D7D7C66 /* FormStateTests.swift */; };
		97207EC8D3DF3E4B7B92D373 /* BirthdayWidgetDataTests.swift in Sources */ = {isa = PBXBuildFile; fileRef = CC8BA551EDF2FC361A5B1CF9 /* BirthdayWidgetDataTests.swift */; };
		97CA71ECC58101BBEBA9A15F /* PersonAvatar.swift in Sources */ = {isa = PBXBuildFile; fileRef = 7FD126F2E5D15ED3C1A0A867 /* PersonAvatar.swift */; };
		9BF2F2BB730530A2209C0220 /* PersonRef.swift in Sources */ = {isa = PBXBuildFile; fileRef = 98B65F655134CF6668D50BD9 /* PersonRef.swift */; };
		9C3438E34DD32FF19D18E93D /* AccessibilityHelperTests.swift in Sources */ = {isa = PBXBuildFile; fileRef = A92D5A39066D3EB9FAD43895 /* AccessibilityHelperTests.swift */; };
		9D8A60137B72FF9BB1003B7B /* URLValidatorTests.swift in Sources */ = {isa = PBXBuildFile; fileRef = 8A4EEB524DA35DA87130A7F8 /* URLValidatorTests.swift */; };
		A0DFB75E42ECB007BF029AE2 /* FormatterHelper.swift in Sources */ = {isa = PBXBuildFile; fileRef = 27B18845F0E7BC36A990BF92 /* FormatterHelper.swift */; };
		A2116E5CE17F7C1FEFECDA97 /* demo-ingrid.jpg in Resources */ = {isa = PBXBuildFile; fileRef = E47BEC5FEAD7E35C5D6570C5 /* demo-ingrid.jpg */; };
		A3AB0F00E3C9BBAE31A8C8D0 /* demo-sophie.jpg in Resources */ = {isa = PBXBuildFile; fileRef = ACB6D6D4FCFBB46A3698F82F /* demo-sophie.jpg */; };
		A3EB1C597C140A4C1561CA0A /* ChatBubbleView.swift in Sources */ = {isa = PBXBuildFile; fileRef = 194FEF6D34BD0E36B4E9FA00 /* ChatBubbleView.swift */; };
		A56DD62AEF51C01D7115FB65 /* DevSettingsView.swift in Sources */ = {isa = PBXBuildFile; fileRef = 4CA036501E37863B03B99A76 /* DevSettingsView.swift */; };
		A665CB640EDDB4CD95671A07 /* InfoPlist.xcstrings in Resources */ = {isa = PBXBuildFile; fileRef = 81D810CCD472376033152FEE /* InfoPlist.xcstrings */; };
		A698099C64A398F9C86E12D7 /* ValidationHelper.swift in Sources */ = {isa = PBXBuildFile; fileRef = 8502AF01206747446F5E2EED /* ValidationHelper.swift */; };
		A7C4BDBF71BC24782E5BCB1D /* GiftHistory.swift in Sources */ = {isa = PBXBuildFile; fileRef = 402FEFE3F505A5104FC535A3 /* GiftHistory.swift */; };
		AA835811E643849C8EEF8B2C /* GiftTransitionService.swift in Sources */ = {isa = PBXBuildFile; fileRef = FC7EC86AFD43E7619FFD809C /* GiftTransitionService.swift */; };
		AC138672CE067DF6B4308C1E /* BirthdayCalculator.swift in Sources */ = {isa = PBXBuildFile; fileRef = 1F1A02B6D7A77AAD75AE1990 /* BirthdayCalculator.swift */; };
		ACF2CFCF45EB2312F56815E0 /* ValidationHelperTests.swift in Sources */ = {isa = PBXBuildFile; fileRef = CC88C885EE88547724D7673C /* ValidationHelperTests.swift */; };
		ADE1CC765E156F4853A4DDF8 /* BirthdayRow.swift in Sources */ = {isa = PBXBuildFile; fileRef = EF726314BEDDE5BB6C64E630 /* BirthdayRow.swift */; };
		B20A8F0530F4C41B976873AF /* BirthdayWidget.swift in Sources */ = {isa = PBXBuildFile; fileRef = 44614D5AC68097C1AE93D4BC /* BirthdayWidget.swift */; };
		B6F30405FEBA5F73D16CEA09 /* Debouncer.swift in Sources */ = {isa = PBXBuildFile; fileRef = A1CEA4ED4260D661E8A6F60F /* Debouncer.swift */; };
		B7E016C0B6BB420CF944444E /* OnboardingView.swift in Sources */ = {isa = PBXBuildFile; fileRef = 106D1BEF8550146110F92A6C /* OnboardingView.swift */; };
		B805699DF86D36AAA54F0F1C /* AppLoggerTests.swift in Sources */ = {isa = PBXBuildFile; fileRef = 1BAAE077D709F609179254B0 /* AppLoggerTests.swift */; };
		B9854D7E3B02288BCF098983 /* LaunchScreen.swift in Sources */ = {isa = PBXBuildFile; fileRef = F5693E1132B7D77C5A771711 /* LaunchScreen.swift */; };
		BDF4D04C70CB9E87D9F20383 /* QuickActionCard.swift in Sources */ = {isa = PBXBuildFile; fileRef = D193311408BB3D5C00C5C7D6 /* QuickActionCard.swift */; };
		C03A75E3B72AEF439DCE247B /* SampleDataService.swift in Sources */ = {isa = PBXBuildFile; fileRef = 56B829D839F0FB868391D0FA /* SampleDataService.swift */; };
		C087C138C4A30588B39AAE16 /* AIContent.xcstrings in Resources */ = {isa = PBXBuildFile; fileRef = FA76DEA3D7FF98FFEF1BCB48 /* AIContent.xcstrings */; };
		C2E8551D0E177976CDA639ED /* AnimationHelperTests.swift in Sources */ = {isa = PBXBuildFile; fileRef = 2D5814499A1D7F07472C1E3A /* AnimationHelperTests.swift */; };
		C6DC1001E06284F372E00529 /* ContactsImportView.swift in Sources */ = {isa = PBXBuildFile; fileRef = 28E6D8D8E853FE407FC128A9 /* ContactsImportView.swift */; };
		C801A1B192B9D9FE1FEF75B4 /* PrivacyView.swift in Sources */ = {isa = PBXBuildFile; fileRef = 508247F8818A2793DD521981 /* PrivacyView.swift */; };
		C93370B887B83EF31F6583BB /* Localizable.xcstrings in Resources */ = {isa = PBXBuildFile; fileRef = 669201D64E204AF27A8B4549 /* Localizable.xcstrings */; };
		C9FBE9E01E8E6889EF6DD8A3 /* AIChatViewModel.swift in Sources */ = {isa = PBXBuildFile; fileRef = 596E3CA77753436EF1C30BDD /* AIChatViewModel.swift */; };
		CB2AE0384DDBD88EB4223BEB /* BirthdayWidgetExtension.appex in Embed Foundation Extensions */ = {isa = PBXBuildFile; fileRef = 40C06DC4DA1AD65D461067D1 /* BirthdayWidgetExtension.appex */; settings = {ATTRIBUTES = (RemoveHeadersOnCopy, ); }; };
		CCA5269B438A26095BB3EBB9 /* WidgetSharedTypes.swift in Sources */ = {isa = PBXBuildFile; fileRef = E1EA63976AEF36E896DC6F5B /* WidgetSharedTypes.swift */; };
		CCE878A6908A834DF2CAEDDC /* RelationPickerView.swift in Sources */ = {isa = PBXBuildFile; fileRef = 53ADD72AECCB8BD0511F891D /* RelationPickerView.swift */; };
		CDDEE1E236CA31840130E0F1 /* ModelValidationTests.swift in Sources */ = {isa = PBXBuildFile; fileRef = E51FAE4D15E483A6BD00D955 /* ModelValidationTests.swift */; };
		D29BAACE8F45C70867A0BB03 /* RelationOptions.swift in Sources */ = {isa = PBXBuildFile; fileRef = 842B4A599402C7B306F56FE6 /* RelationOptions.swift */; };
		D41082B2ED0E32EFDE1354A9 /* DebouncerTests.swift in Sources */ = {isa = PBXBuildFile; fileRef = 063CAB0C081F446D470C7433 /* DebouncerTests.swift */; };
		D4370B129053585B936FB3EE /* ToastViewTests.swift in Sources */ = {isa = PBXBuildFile; fileRef = CCC5D2F28E192F7222EDA70D /* ToastViewTests.swift */; };
		D88CF76CBECD49423145CE85 /* AIConsentSheet.swift in Sources */ = {isa = PBXBuildFile; fileRef = 1189BC8C6BCB6FA40B03A301 /* AIConsentSheet.swift */; };
		DB037047927D8B4E3AD267B9 /* ShareSheetView.swift in Sources */ = {isa = PBXBuildFile; fileRef = 639A800C081194B19F639DD7 /* ShareSheetView.swift */; };
		DC9D90107E2252A49DE8F90E /* ButtonStyles.swift in Sources */ = {isa = PBXBuildFile; fileRef = 271E66143DD2D410FCAFD44D /* ButtonStyles.swift */; };
		DD4C17C3DAFCF8C18E4EB0C4 /* demo-erika.jpg in Resources */ = {isa = PBXBuildFile; fileRef = 0C0DDFF0C23DE788F8DF31A4 /* demo-erika.jpg */; };
		DE56A3B1C078CF765FF226DE /* AccessibilityConfiguration.swift in Sources */ = {isa = PBXBuildFile; fileRef = 34597EBF8E869A576A033613 /* AccessibilityConfiguration.swift */; };
		DFB1700B4EA9D5C9723CD707 /* SuggestionQualityViewModelTests.swift in Sources */ = {isa = PBXBuildFile; fileRef = 505CF312F2774E4C40670379 /* SuggestionQualityViewModelTests.swift */; };
		E0023769BF1798B1A13832C0 /* FormValidatorTests.swift in Sources */ = {isa = PBXBuildFile; fileRef = 216B383534F0CBFB6BD6242C /* FormValidatorTests.swift */; };
		E3452B788DEA3657114B593A /* GiftIdeaRow.swift in Sources */ = {isa = PBXBuildFile; fileRef = CB39183418B0E76238FA9158 /* GiftIdeaRow.swift */; };
		E51E4AE8AE4FBEFD81C752C4 /* Assets.xcassets in Resources */ = {isa = PBXBuildFile; fileRef = 24C63E565A13C7B20220F982 /* Assets.xcassets */; };
		E57D8B243D742300DB9D1E97 /* GiftSummaryView.swift in Sources */ = {isa = PBXBuildFile; fileRef = 83EEFAA1711FF7D0E0B7F39E /* GiftSummaryView.swift */; };
		E7086712F1C4D11F26E86747 /* AppColor.swift in Sources */ = {isa = PBXBuildFile; fileRef = EEFD26EDCE7DBFA7399211E8 /* AppColor.swift */; };
		EBD3EF59DCEFDCB8BB9E4182 /* AIBirthdayMessageSheet.swift in Sources */ = {isa = PBXBuildFile; fileRef = 7445EDABC3BF7FB4E9809AD8 /* AIBirthdayMessageSheet.swift */; };
		ED2AFFA508807D0E9E523670 /* AgeObfuscator.swift in Sources */ = {isa = PBXBuildFile; fileRef = 42CCCFD839244D8E1C2ACB19 /* AgeObfuscator.swift */; };
		EDE0190E40ED65E2F2EFE811 /* demo-julia.jpg in Resources */ = {isa = PBXBuildFile; fileRef = 65B3A3AFD86F73CED4FC6D72 /* demo-julia.jpg */; };
		F0EED3E736F6DE772AF1037C /* demo-lisa.jpg in Resources */ = {isa = PBXBuildFile; fileRef = 1B36F2A6758410F64F73DFA8 /* demo-lisa.jpg */; };
		F0F6F2EF94FDDF89B7DD50DE /* demo-thomas.jpg in Resources */ = {isa = PBXBuildFile; fileRef = BC4FF73DF4AE11D942F75D02 /* demo-thomas.jpg */; };
		F1632B641E2ADD434097F145 /* AppColorTests.swift in Sources */ = {isa = PBXBuildFile; fileRef = F4BE28E623996C74E0FB24BE /* AppColorTests.swift */; };
		F4B20996565BE1D5738F725E /* ContactPhotoService.swift in Sources */ = {isa = PBXBuildFile; fileRef = 43C388F5B7A645CA233541D7 /* ContactPhotoService.swift */; };
		F526501B141DB1E68DCC119E /* CurrencyPickerView.swift in Sources */ = {isa = PBXBuildFile; fileRef = 94B7A7A1704B15FDFCB8467B /* CurrencyPickerView.swift */; };
		FBB7A3F4309F98B05DC46435 /* AIServiceTests.swift in Sources */ = {isa = PBXBuildFile; fileRef = B67C423C60F6B50FA69691AD /* AIServiceTests.swift */; };
		FD4D2A2144E158D556ADED3B /* GenderInference.swift in Sources */ = {isa = PBXBuildFile; fileRef = 476075C5D2C6F503AB4A6F28 /* GenderInference.swift */; };
/* End PBXBuildFile section */

/* Begin PBXContainerItemProxy section */
		4F1B7B7C4182AB5C254AC156 /* PBXContainerItemProxy */ = {
			isa = PBXContainerItemProxy;
			containerPortal = 3E79656696FDB979EA10FE3E /* Project object */;
			proxyType = 1;
			remoteGlobalIDString = E3D3E47E2E69129859C61EBB;
			remoteInfo = BirthdayWidgetExtension;
		};
		D6754F152ADADEBEC13B4AEC /* PBXContainerItemProxy */ = {
			isa = PBXContainerItemProxy;
			containerPortal = 3E79656696FDB979EA10FE3E /* Project object */;
			proxyType = 1;
			remoteGlobalIDString = D13703CE0BA0DA2FBA541264;
			remoteInfo = aiPresentsApp;
		};
/* End PBXContainerItemProxy section */

/* Begin PBXCopyFilesBuildPhase section */
		078237B0D78E27C077DAF402 /* Embed Foundation Extensions */ = {
			isa = PBXCopyFilesBuildPhase;
			buildActionMask = 2147483647;
			dstPath = "";
			dstSubfolderSpec = 13;
			files = (
				CB2AE0384DDBD88EB4223BEB /* BirthdayWidgetExtension.appex in Embed Foundation Extensions */,
			);
			name = "Embed Foundation Extensions";
			runOnlyForDeploymentPostprocessing = 0;
		};
/* End PBXCopyFilesBuildPhase section */

/* Begin PBXFileReference section */
		063CAB0C081F446D470C7433 /* DebouncerTests.swift */ = {isa = PBXFileReference; lastKnownFileType = sourcecode.swift; path = DebouncerTests.swift; sourceTree = "<group>"; };
		0750E534FFC66119B4D89A2B /* GiftIdea.swift */ = {isa = PBXFileReference; lastKnownFileType = sourcecode.swift; path = GiftIdea.swift; sourceTree = "<group>"; };
		0C0DDFF0C23DE788F8DF31A4 /* demo-erika.jpg */ = {isa = PBXFileReference; lastKnownFileType = image.jpeg; path = "demo-erika.jpg"; sourceTree = "<group>"; };
		0D67459933E4675EC2D59215 /* TimelineView.swift */ = {isa = PBXFileReference; lastKnownFileType = sourcecode.swift; path = TimelineView.swift; sourceTree = "<group>"; };
		0DF552A504FEB6F294F90285 /* demo-peter.jpg */ = {isa = PBXFileReference; lastKnownFileType = image.jpeg; path = "demo-peter.jpg"; sourceTree = "<group>"; };
		0F28E31AFE15E5C5BF328E7F /* HobbiesChipView.swift */ = {isa = PBXFileReference; lastKnownFileType = sourcecode.swift; path = HobbiesChipView.swift; sourceTree = "<group>"; };
		106D1BEF8550146110F92A6C /* OnboardingView.swift */ = {isa = PBXFileReference; lastKnownFileType = sourcecode.swift; path = OnboardingView.swift; sourceTree = "<group>"; };
		1189BC8C6BCB6FA40B03A301 /* AIConsentSheet.swift */ = {isa = PBXFileReference; lastKnownFileType = sourcecode.swift; path = AIConsentSheet.swift; sourceTree = "<group>"; };
		12050DD29ABF53F754FB7448 /* SmartInputFieldTests.swift */ = {isa = PBXFileReference; lastKnownFileType = sourcecode.swift; path = SmartInputFieldTests.swift; sourceTree = "<group>"; };
		12D1D096860C12DFAB2C4D16 /* aiPresentsApp.app */ = {isa = PBXFileReference; includeInIndex = 0; lastKnownFileType = wrapper.application; path = aiPresentsApp.app; sourceTree = BUILT_PRODUCTS_DIR; };
		1352AE658416E5B2DEEB06D7 /* AccessibilityHelper.swift */ = {isa = PBXFileReference; lastKnownFileType = sourcecode.swift; path = AccessibilityHelper.swift; sourceTree = "<group>"; };
		194FEF6D34BD0E36B4E9FA00 /* ChatBubbleView.swift */ = {isa = PBXFileReference; lastKnownFileType = sourcecode.swift; path = ChatBubbleView.swift; sourceTree = "<group>"; };
		1B36F2A6758410F64F73DFA8 /* demo-lisa.jpg */ = {isa = PBXFileReference; lastKnownFileType = image.jpeg; path = "demo-lisa.jpg"; sourceTree = "<group>"; };
		1BAAE077D709F609179254B0 /* AppLoggerTests.swift */ = {isa = PBXFileReference; lastKnownFileType = sourcecode.swift; path = AppLoggerTests.swift; sourceTree = "<group>"; };
		1D56F13FD4A2AE4764D571A0 /* AnimationHelper.swift */ = {isa = PBXFileReference; lastKnownFileType = sourcecode.swift; path = AnimationHelper.swift; sourceTree = "<group>"; };
		1F1A02B6D7A77AAD75AE1990 /* BirthdayCalculator.swift */ = {isa = PBXFileReference; lastKnownFileType = sourcecode.swift; path = BirthdayCalculator.swift; sourceTree = "<group>"; };
		1FCB7E8FECC68A391737DFAF /* AppLogger.swift */ = {isa = PBXFileReference; lastKnownFileType = sourcecode.swift; path = AppLogger.swift; sourceTree = "<group>"; };
		216B383534F0CBFB6BD6242C /* FormValidatorTests.swift */ = {isa = PBXFileReference; lastKnownFileType = sourcecode.swift; path = FormValidatorTests.swift; sourceTree = "<group>"; };
		24C63E565A13C7B20220F982 /* Assets.xcassets */ = {isa = PBXFileReference; lastKnownFileType = folder.assetcatalog; path = Assets.xcassets; sourceTree = "<group>"; };
		24CB6420BDF5CF7A64EC62AB /* CurrencyManager.swift */ = {isa = PBXFileReference; lastKnownFileType = sourcecode.swift; path = CurrencyManager.swift; sourceTree = "<group>"; };
		271E66143DD2D410FCAFD44D /* ButtonStyles.swift */ = {isa = PBXFileReference; lastKnownFileType = sourcecode.swift; path = ButtonStyles.swift; sourceTree = "<group>"; };
		27B18845F0E7BC36A990BF92 /* FormatterHelper.swift */ = {isa = PBXFileReference; lastKnownFileType = sourcecode.swift; path = FormatterHelper.swift; sourceTree = "<group>"; };
		28E6D8D8E853FE407FC128A9 /* ContactsImportView.swift */ = {isa = PBXFileReference; lastKnownFileType = sourcecode.swift; path = ContactsImportView.swift; sourceTree = "<group>"; };
		2995C4F05BD8267A5F3EB228 /* BirthdayWidgetViews.swift */ = {isa = PBXFileReference; lastKnownFileType = sourcecode.swift; path = BirthdayWidgetViews.swift; sourceTree = "<group>"; };
		2B21B2CB3D74C9F83C2AE0FB /* BirthdayCalculationTests.swift */ = {isa = PBXFileReference; lastKnownFileType = sourcecode.swift; path = BirthdayCalculationTests.swift; sourceTree = "<group>"; };
		2B618522D35422F2E3961784 /* ChatMessage.swift */ = {isa = PBXFileReference; lastKnownFileType = sourcecode.swift; path = ChatMessage.swift; sourceTree = "<group>"; };
		2D5814499A1D7F07472C1E3A /* AnimationHelperTests.swift */ = {isa = PBXFileReference; lastKnownFileType = sourcecode.swift; path = AnimationHelperTests.swift; sourceTree = "<group>"; };
		34597EBF8E869A576A033613 /* AccessibilityConfiguration.swift */ = {isa = PBXFileReference; lastKnownFileType = sourcecode.swift; path = AccessibilityConfiguration.swift; sourceTree = "<group>"; };
		3BC3124099F551F5EA373EA7 /* BirthdayCalculatorThreadSafetyTests.swift */ = {isa = PBXFileReference; lastKnownFileType = sourcecode.swift; path = BirthdayCalculatorThreadSafetyTests.swift; sourceTree = "<group>"; };
		402FEFE3F505A5104FC535A3 /* GiftHistory.swift */ = {isa = PBXFileReference; lastKnownFileType = sourcecode.swift; path = GiftHistory.swift; sourceTree = "<group>"; };
		40B6E83D614EF822E16CE41C /* AppAnimation.swift */ = {isa = PBXFileReference; lastKnownFileType = sourcecode.swift; path = AppAnimation.swift; sourceTree = "<group>"; };
		40C06DC4DA1AD65D461067D1 /* BirthdayWidgetExtension.appex */ = {isa = PBXFileReference; includeInIndex = 0; lastKnownFileType = "wrapper.app-extension"; path = BirthdayWidgetExtension.appex; sourceTree = BUILT_PRODUCTS_DIR; };
		42CCCFD839244D8E1C2ACB19 /* AgeObfuscator.swift */ = {isa = PBXFileReference; lastKnownFileType = sourcecode.swift; path = AgeObfuscator.swift; sourceTree = "<group>"; };
		43C388F5B7A645CA233541D7 /* ContactPhotoService.swift */ = {isa = PBXFileReference; lastKnownFileType = sourcecode.swift; path = ContactPhotoService.swift; sourceTree = "<group>"; };
		44614D5AC68097C1AE93D4BC /* BirthdayWidget.swift */ = {isa = PBXFileReference; lastKnownFileType = sourcecode.swift; path = BirthdayWidget.swift; sourceTree = "<group>"; };
		44DDD4E6A61E3B0E0D97E57E /* ChatInputBar.swift */ = {isa = PBXFileReference; lastKnownFileType = sourcecode.swift; path = ChatInputBar.swift; sourceTree = "<group>"; };
		463BBEC37B287A1D9FCC89A3 /* AIConsentManagerTests.swift */ = {isa = PBXFileReference; lastKnownFileType = sourcecode.swift; path = AIConsentManagerTests.swift; sourceTree = "<group>"; };
		476075C5D2C6F503AB4A6F28 /* GenderInference.swift */ = {isa = PBXFileReference; lastKnownFileType = sourcecode.swift; path = GenderInference.swift; sourceTree = "<group>"; };
		49F19315FD9DFE8E8059A7D2 /* AIService.swift */ = {isa = PBXFileReference; lastKnownFileType = sourcecode.swift; path = AIService.swift; sourceTree = "<group>"; };
		4B3DCE06A0DFE3AB2C55B83F /* ReminderSettingsView.swift */ = {isa = PBXFileReference; lastKnownFileType = sourcecode.swift; path = ReminderSettingsView.swift; sourceTree = "<group>"; };
		4CA036501E37863B03B99A76 /* DevSettingsView.swift */ = {isa = PBXFileReference; lastKnownFileType = sourcecode.swift; path = DevSettingsView.swift; sourceTree = "<group>"; };
		502554517C926AD4B7EF35EE /* TimelineFilterView.swift */ = {isa = PBXFileReference; lastKnownFileType = sourcecode.swift; path = TimelineFilterView.swift; sourceTree = "<group>"; };
		505CF312F2774E4C40670379 /* SuggestionQualityViewModelTests.swift */ = {isa = PBXFileReference; lastKnownFileType = sourcecode.swift; path = SuggestionQualityViewModelTests.swift; sourceTree = "<group>"; };
		507E0BBB507D60FBD3B50AC0 /* SampleDataServiceTests.swift */ = {isa = PBXFileReference; lastKnownFileType = sourcecode.swift; path = SampleDataServiceTests.swift; sourceTree = "<group>"; };
		508247F8818A2793DD521981 /* PrivacyView.swift */ = {isa = PBXFileReference; lastKnownFileType = sourcecode.swift; path = PrivacyView.swift; sourceTree = "<group>"; };
		51B467A880F06011A6CE947A /* BirthdayWidget.entitlements */ = {isa = PBXFileReference; lastKnownFileType = text.plist.entitlements; path = BirthdayWidget.entitlements; sourceTree = "<group>"; };
		53ADD72AECCB8BD0511F891D /* RelationPickerView.swift */ = {isa = PBXFileReference; lastKnownFileType = sourcecode.swift; path = RelationPickerView.swift; sourceTree = "<group>"; };
		56B829D839F0FB868391D0FA /* SampleDataService.swift */ = {isa = PBXFileReference; lastKnownFileType = sourcecode.swift; path = SampleDataService.swift; sourceTree = "<group>"; };
		596E3CA77753436EF1C30BDD /* AIChatViewModel.swift */ = {isa = PBXFileReference; lastKnownFileType = sourcecode.swift; path = AIChatViewModel.swift; sourceTree = "<group>"; };
		5FB7DAD883234BC09E12C476 /* aiPresentsAppTests.xctest */ = {isa = PBXFileReference; includeInIndex = 0; lastKnownFileType = wrapper.cfbundle; path = aiPresentsAppTests.xctest; sourceTree = BUILT_PRODUCTS_DIR; };
		624B827CFCB9D3C7D8C92841 /* AddGiftHistorySheet.swift */ = {isa = PBXFileReference; lastKnownFileType = sourcecode.swift; path = AddGiftHistorySheet.swift; sourceTree = "<group>"; };
		633E1C1B18B0D830A8E305E3 /* ToastView.swift */ = {isa = PBXFileReference; lastKnownFileType = sourcecode.swift; path = ToastView.swift; sourceTree = "<group>"; };
		639A800C081194B19F639DD7 /* ShareSheetView.swift */ = {isa = PBXFileReference; lastKnownFileType = sourcecode.swift; path = ShareSheetView.swift; sourceTree = "<group>"; };
		64C584B17491C3120AF1DF0B /* demo-michael.jpg */ = {isa = PBXFileReference; lastKnownFileType = image.jpeg; path = "demo-michael.jpg"; sourceTree = "<group>"; };
		65B3A3AFD86F73CED4FC6D72 /* demo-julia.jpg */ = {isa = PBXFileReference; lastKnownFileType = image.jpeg; path = "demo-julia.jpg"; sourceTree = "<group>"; };
		669201D64E204AF27A8B4549 /* Localizable.xcstrings */ = {isa = PBXFileReference; lastKnownFileType = text.json.xcstrings; path = Localizable.xcstrings; sourceTree = "<group>"; };
		6A5FC754F1167DC0929B2495 /* HapticFeedback.swift */ = {isa = PBXFileReference; lastKnownFileType = sourcecode.swift; path = HapticFeedback.swift; sourceTree = "<group>"; };
		6F4689396F1072DD2D28E078 /* BirthdayDateHelper.swift */ = {isa = PBXFileReference; lastKnownFileType = sourcecode.swift; path = BirthdayDateHelper.swift; sourceTree = "<group>"; };
		711769EFA88D8FC06C5A5572 /* EditGiftHistorySheet.swift */ = {isa = PBXFileReference; lastKnownFileType = sourcecode.swift; path = EditGiftHistorySheet.swift; sourceTree = "<group>"; };
		722036218687E49E95EF8A33 /* SettingsView.swift */ = {isa = PBXFileReference; lastKnownFileType = sourcecode.swift; path = SettingsView.swift; sourceTree = "<group>"; };
		7445EDABC3BF7FB4E9809AD8 /* AIBirthdayMessageSheet.swift */ = {isa = PBXFileReference; lastKnownFileType = sourcecode.swift; path = AIBirthdayMessageSheet.swift; sourceTree = "<group>"; };
		78BE49BD68A19D2708B9FF4D /* BirthdayDateHelperTests.swift */ = {isa = PBXFileReference; lastKnownFileType = sourcecode.swift; path = BirthdayDateHelperTests.swift; sourceTree = "<group>"; };
		7EAA89C692C942FB0A0FCFB3 /* HapticFeedbackTests.swift */ = {isa = PBXFileReference; lastKnownFileType = sourcecode.swift; path = HapticFeedbackTests.swift; sourceTree = "<group>"; };
		7FD126F2E5D15ED3C1A0A867 /* PersonAvatar.swift */ = {isa = PBXFileReference; lastKnownFileType = sourcecode.swift; path = PersonAvatar.swift; sourceTree = "<group>"; };
		81D810CCD472376033152FEE /* InfoPlist.xcstrings */ = {isa = PBXFileReference; lastKnownFileType = text.json.xcstrings; path = InfoPlist.xcstrings; sourceTree = "<group>"; };
		83EEFAA1711FF7D0E0B7F39E /* GiftSummaryView.swift */ = {isa = PBXFileReference; lastKnownFileType = sourcecode.swift; path = GiftSummaryView.swift; sourceTree = "<group>"; };
		842B4A599402C7B306F56FE6 /* RelationOptions.swift */ = {isa = PBXFileReference; lastKnownFileType = sourcecode.swift; path = RelationOptions.swift; sourceTree = "<group>"; };
		84458F69E06194AA2FA07A2F /* EmptyStateView.swift */ = {isa = PBXFileReference; lastKnownFileType = sourcecode.swift; path = EmptyStateView.swift; sourceTree = "<group>"; };
		8502AF01206747446F5E2EED /* ValidationHelper.swift */ = {isa = PBXFileReference; lastKnownFileType = sourcecode.swift; path = ValidationHelper.swift; sourceTree = "<group>"; };
		8769414B8C61426492D58056 /* EditGiftIdeaSheet.swift */ = {isa = PBXFileReference; lastKnownFileType = sourcecode.swift; path = EditGiftIdeaSheet.swift; sourceTree = "<group>"; };
		88A28EFE658E6EEEB73069B2 /* LegalView.swift */ = {isa = PBXFileReference; lastKnownFileType = sourcecode.swift; path = LegalView.swift; sourceTree = "<group>"; };
		8A4EEB524DA35DA87130A7F8 /* URLValidatorTests.swift */ = {isa = PBXFileReference; lastKnownFileType = sourcecode.swift; path = URLValidatorTests.swift; sourceTree = "<group>"; };
		8B56C3E141AAE5222EF953CE /* GiftHistoryRow.swift */ = {isa = PBXFileReference; lastKnownFileType = sourcecode.swift; path = GiftHistoryRow.swift; sourceTree = "<group>"; };
		8B96234C76EED9BED2CE7C03 /* aiPresentsApp.swift */ = {isa = PBXFileReference; lastKnownFileType = sourcecode.swift; path = aiPresentsApp.swift; sourceTree = "<group>"; };
		8F0FFC29100B5746FDA7B170 /* BirthdayWidgetData.swift */ = {isa = PBXFileReference; lastKnownFileType = sourcecode.swift; path = BirthdayWidgetData.swift; sourceTree = "<group>"; };
		94B7A7A1704B15FDFCB8467B /* CurrencyPickerView.swift */ = {isa = PBXFileReference; lastKnownFileType = sourcecode.swift; path = CurrencyPickerView.swift; sourceTree = "<group>"; };
		95BB6E1690ACBC0C41AE04F7 /* ContactsServiceTests.swift */ = {isa = PBXFileReference; lastKnownFileType = sourcecode.swift; path = ContactsServiceTests.swift; sourceTree = "<group>"; };
		987579EBF3FB66AC923CA758 /* BirthdayTimelineProvider.swift */ = {isa = PBXFileReference; lastKnownFileType = sourcecode.swift; path = BirthdayTimelineProvider.swift; sourceTree = "<group>"; };
		98B65F655134CF6668D50BD9 /* PersonRef.swift */ = {isa = PBXFileReference; lastKnownFileType = sourcecode.swift; path = PersonRef.swift; sourceTree = "<group>"; };
		9AF1C70D1E7AA24CAA593363 /* BirthdayCalculatorEdgeCasesTests.swift */ = {isa = PBXFileReference; lastKnownFileType = sourcecode.swift; path = BirthdayCalculatorEdgeCasesTests.swift; sourceTree = "<group>"; };
		9E705474AA673040B59B5EBA /* SuggestionQualityViewModel.swift */ = {isa = PBXFileReference; lastKnownFileType = sourcecode.swift; path = SuggestionQualityViewModel.swift; sourceTree = "<group>"; };
		9FC35DCCF49380674DAC125E /* BirthdayWidgetView.swift */ = {isa = PBXFileReference; lastKnownFileType = sourcecode.swift; path = BirthdayWidgetView.swift; sourceTree = "<group>"; };
		A1CEA4ED4260D661E8A6F60F /* Debouncer.swift */ = {isa = PBXFileReference; lastKnownFileType = sourcecode.swift; path = Debouncer.swift; sourceTree = "<group>"; };
		A1FEF71AF911AEF88A1FD15D /* PersonDetailView.swift */ = {isa = PBXFileReference; lastKnownFileType = sourcecode.swift; path = PersonDetailView.swift; sourceTree = "<group>"; };
		A29444B6BDF0731546595DE2 /* ContactsService.swift */ = {isa = PBXFileReference; lastKnownFileType = sourcecode.swift; path = ContactsService.swift; sourceTree = "<group>"; };
		A3185DD71D459EE21A6A0461 /* SuggestionFeedbackView.swift */ = {isa = PBXFileReference; lastKnownFileType = sourcecode.swift; path = SuggestionFeedbackView.swift; sourceTree = "<group>"; };
		A52099417BCBD7016D7D7C66 /* FormStateTests.swift */ = {isa = PBXFileReference; lastKnownFileType = sourcecode.swift; path = FormStateTests.swift; sourceTree = "<group>"; };
		A546E33A3E3C5AFDBF258820 /* AccessibilityConfigurationTests.swift */ = {isa = PBXFileReference; lastKnownFileType = sourcecode.swift; path = AccessibilityConfigurationTests.swift; sourceTree = "<group>"; };
		A6EB8AD13515C4A79913E22B /* WidgetDataService.swift */ = {isa = PBXFileReference; lastKnownFileType = sourcecode.swift; path = WidgetDataService.swift; sourceTree = "<group>"; };
		A92D5A39066D3EB9FAD43895 /* AccessibilityHelperTests.swift */ = {isa = PBXFileReference; lastKnownFileType = sourcecode.swift; path = AccessibilityHelperTests.swift; sourceTree = "<group>"; };
		AA0ACA005426F88C2D806DF7 /* demo-hans.jpg */ = {isa = PBXFileReference; lastKnownFileType = image.jpeg; path = "demo-hans.jpg"; sourceTree = "<group>"; };
		AA443DCF283A93273952F5B3 /* AIBirthdayMessageSheetTests.swift */ = {isa = PBXFileReference; lastKnownFileType = sourcecode.swift; path = AIBirthdayMessageSheetTests.swift; sourceTree = "<group>"; };
		AB5F559491D1986B505C9C84 /* URLValidator.swift */ = {isa = PBXFileReference; lastKnownFileType = sourcecode.swift; path = URLValidator.swift; sourceTree = "<group>"; };
		ACB6D6D4FCFBB46A3698F82F /* demo-sophie.jpg */ = {isa = PBXFileReference; lastKnownFileType = image.jpeg; path = "demo-sophie.jpg"; sourceTree = "<group>"; };
		AF5D518273E7BB19D619E0DF /* ReminderManager.swift */ = {isa = PBXFileReference; lastKnownFileType = sourcecode.swift; path = ReminderManager.swift; sourceTree = "<group>"; };
		B1E90FAE8B819BCA02CD3D47 /* AIConsentManager.swift */ = {isa = PBXFileReference; lastKnownFileType = sourcecode.swift; path = AIConsentManager.swift; sourceTree = "<group>"; };
		B67C423C60F6B50FA69691AD /* AIServiceTests.swift */ = {isa = PBXFileReference; lastKnownFileType = sourcecode.swift; path = AIServiceTests.swift; sourceTree = "<group>"; };
		B6B3346F947F83DB766598DA /* AIGiftSuggestionsSheet.swift */ = {isa = PBXFileReference; lastKnownFileType = sourcecode.swift; path = AIGiftSuggestionsSheet.swift; sourceTree = "<group>"; };
		BA3BFC741FC7522FB943DEC6 /* SpeechRecognitionService.swift */ = {isa = PBXFileReference; lastKnownFileType = sourcecode.swift; path = SpeechRecognitionService.swift; sourceTree = "<group>"; };
		BB4A238B9D3BB1782F13C829 /* FormValidator.swift */ = {isa = PBXFileReference; lastKnownFileType = sourcecode.swift; path = FormValidator.swift; sourceTree = "<group>"; };
		BB528C5CB9257C5B49C23519 /* FormState.swift */ = {isa = PBXFileReference; lastKnownFileType = sourcecode.swift; path = FormState.swift; sourceTree = "<group>"; };
		BC4FF73DF4AE11D942F75D02 /* demo-thomas.jpg */ = {isa = PBXFileReference; lastKnownFileType = image.jpeg; path = "demo-thomas.jpg"; sourceTree = "<group>"; };
		BD526AAD5CC9486A0290B2B8 /* AddGiftIdeaSheet.swift */ = {isa = PBXFileReference; lastKnownFileType = sourcecode.swift; path = AddGiftIdeaSheet.swift; sourceTree = "<group>"; };
		BE4BD0FE84325AD2FF2976F3 /* AppConfigTests.swift */ = {isa = PBXFileReference; lastKnownFileType = sourcecode.swift; path = AppConfigTests.swift; sourceTree = "<group>"; };
		C1099CCB57FBD2055364A801 /* ReminderManagerTests.swift */ = {isa = PBXFileReference; lastKnownFileType = sourcecode.swift; path = ReminderManagerTests.swift; sourceTree = "<group>"; };
		C140E38D86B8B10857861C83 /* demo-max.jpg */ = {isa = PBXFileReference; lastKnownFileType = image.jpeg; path = "demo-max.jpg"; sourceTree = "<group>"; };
		C7C1474BF62BF80C2734793F /* SmartInputField.swift */ = {isa = PBXFileReference; lastKnownFileType = sourcecode.swift; path = SmartInputField.swift; sourceTree = "<group>"; };
		CB39183418B0E76238FA9158 /* GiftIdeaRow.swift */ = {isa = PBXFileReference; lastKnownFileType = sourcecode.swift; path = GiftIdeaRow.swift; sourceTree = "<group>"; };
		CC88C885EE88547724D7673C /* ValidationHelperTests.swift */ = {isa = PBXFileReference; lastKnownFileType = sourcecode.swift; path = ValidationHelperTests.swift; sourceTree = "<group>"; };
		CC8BA551EDF2FC361A5B1CF9 /* BirthdayWidgetDataTests.swift */ = {isa = PBXFileReference; lastKnownFileType = sourcecode.swift; path = BirthdayWidgetDataTests.swift; sourceTree = "<group>"; };
		CCC5D2F28E192F7222EDA70D /* ToastViewTests.swift */ = {isa = PBXFileReference; lastKnownFileType = sourcecode.swift; path = ToastViewTests.swift; sourceTree = "<group>"; };
		D193311408BB3D5C00C5C7D6 /* QuickActionCard.swift */ = {isa = PBXFileReference; lastKnownFileType = sourcecode.swift; path = QuickActionCard.swift; sourceTree = "<group>"; };
		D54D03939A717560DDD798EB /* ReminderRule.swift */ = {isa = PBXFileReference; lastKnownFileType = sourcecode.swift; path = ReminderRule.swift; sourceTree = "<group>"; };
		D5F96D1561167E4419327758 /* NochOhneGeschenkSection.swift */ = {isa = PBXFileReference; lastKnownFileType = sourcecode.swift; path = NochOhneGeschenkSection.swift; sourceTree = "<group>"; };
		D654609E73AC420D24EAFCA2 /* NotificationPermissionHelper.swift */ = {isa = PBXFileReference; lastKnownFileType = sourcecode.swift; path = NotificationPermissionHelper.swift; sourceTree = "<group>"; };
		DBC502D8F73D78DC65FF08F9 /* ContentView.swift */ = {isa = PBXFileReference; lastKnownFileType = sourcecode.swift; path = ContentView.swift; sourceTree = "<group>"; };
		E19AFC50D527EF534E758C21 /* PrivacyInfo.xcprivacy */ = {isa = PBXFileReference; path = PrivacyInfo.xcprivacy; sourceTree = "<group>"; };
		E1EA63976AEF36E896DC6F5B /* WidgetSharedTypes.swift */ = {isa = PBXFileReference; lastKnownFileType = sourcecode.swift; path = WidgetSharedTypes.swift; sourceTree = "<group>"; };
		E216F336B476E2A5E5DEF4BB /* Localizable.xcstrings */ = {isa = PBXFileReference; lastKnownFileType = text.json.xcstrings; path = Localizable.xcstrings; sourceTree = "<group>"; };
		E47BEC5FEAD7E35C5D6570C5 /* demo-ingrid.jpg */ = {isa = PBXFileReference; lastKnownFileType = image.jpeg; path = "demo-ingrid.jpg"; sourceTree = "<group>"; };
		E51FAE4D15E483A6BD00D955 /* ModelValidationTests.swift */ = {isa = PBXFileReference; lastKnownFileType = sourcecode.swift; path = ModelValidationTests.swift; sourceTree = "<group>"; };
		E7A00B208967B7E65E8EED20 /* SuggestionFeedback.swift */ = {isa = PBXFileReference; lastKnownFileType = sourcecode.swift; path = SuggestionFeedback.swift; sourceTree = "<group>"; };
		E9625CCD9B5CF0D4CD77D3C0 /* AppConfig.swift */ = {isa = PBXFileReference; lastKnownFileType = sourcecode.swift; path = AppConfig.swift; sourceTree = "<group>"; };
		EC6FCD24AE708AB86CF01C17 /* FormatterHelperTests.swift */ = {isa = PBXFileReference; lastKnownFileType = sourcecode.swift; path = FormatterHelperTests.swift; sourceTree = "<group>"; };
		ED99D937E8614A2948B737A9 /* Info.plist */ = {isa = PBXFileReference; lastKnownFileType = text.plist; path = Info.plist; sourceTree = "<group>"; };
		EEFD26EDCE7DBFA7399211E8 /* AppColor.swift */ = {isa = PBXFileReference; lastKnownFileType = sourcecode.swift; path = AppColor.swift; sourceTree = "<group>"; };
		EF726314BEDDE5BB6C64E630 /* BirthdayRow.swift */ = {isa = PBXFileReference; lastKnownFileType = sourcecode.swift; path = BirthdayRow.swift; sourceTree = "<group>"; };
		EFE2FA9D61AEDE351B3B7718 /* GiftModelValidationTests.swift */ = {isa = PBXFileReference; lastKnownFileType = sourcecode.swift; path = GiftModelValidationTests.swift; sourceTree = "<group>"; };
		F0E2AFB4F054F2327E661194 /* BirthdayCountdownBadge.swift */ = {isa = PBXFileReference; lastKnownFileType = sourcecode.swift; path = BirthdayCountdownBadge.swift; sourceTree = "<group>"; };
		F4BE28E623996C74E0FB24BE /* AppColorTests.swift */ = {isa = PBXFileReference; lastKnownFileType = sourcecode.swift; path = AppColorTests.swift; sourceTree = "<group>"; };
		F5693E1132B7D77C5A771711 /* LaunchScreen.swift */ = {isa = PBXFileReference; lastKnownFileType = sourcecode.swift; path = LaunchScreen.swift; sourceTree = "<group>"; };
		F79BE3D8FCC1B5CB99E57DBB /* demo-anna.jpg */ = {isa = PBXFileReference; lastKnownFileType = image.jpeg; path = "demo-anna.jpg"; sourceTree = "<group>"; };
		F83B4AFF1A07CE2D4289D65A /* PersonRefExportTests.swift */ = {isa = PBXFileReference; lastKnownFileType = sourcecode.swift; path = PersonRefExportTests.swift; sourceTree = "<group>"; };
		FA76DEA3D7FF98FFEF1BCB48 /* AIContent.xcstrings */ = {isa = PBXFileReference; lastKnownFileType = text.json.xcstrings; path = AIContent.xcstrings; sourceTree = "<group>"; };
		FAB8334445FE6CE62B8FD37D /* Secrets.xcconfig */ = {isa = PBXFileReference; lastKnownFileType = text.xcconfig; path = Secrets.xcconfig; sourceTree = "<group>"; };
		FAF0A2E50D02422EB8D6F529 /* demo-emma.jpg */ = {isa = PBXFileReference; lastKnownFileType = image.jpeg; path = "demo-emma.jpg"; sourceTree = "<group>"; };
		FBB76E3E6785A675037F3D79 /* AllContactsView.swift */ = {isa = PBXFileReference; lastKnownFileType = sourcecode.swift; path = AllContactsView.swift; sourceTree = "<group>"; };
		FC7EC86AFD43E7619FFD809C /* GiftTransitionService.swift */ = {isa = PBXFileReference; lastKnownFileType = sourcecode.swift; path = GiftTransitionService.swift; sourceTree = "<group>"; };
		FD9995C6AE43B45FD1F56F19 /* AIChatView.swift */ = {isa = PBXFileReference; lastKnownFileType = sourcecode.swift; path = AIChatView.swift; sourceTree = "<group>"; };
		FF382AF887CC2A4530148FD7 /* BirthdayCalculatorTests.swift */ = {isa = PBXFileReference; lastKnownFileType = sourcecode.swift; path = BirthdayCalculatorTests.swift; sourceTree = "<group>"; };
/* End PBXFileReference section */

/* Begin PBXGroup section */
		05DD0F357077FDC7379D5AD0 /* Gift */ = {
			isa = PBXGroup;
			children = (
				624B827CFCB9D3C7D8C92841 /* AddGiftHistorySheet.swift */,
				BD526AAD5CC9486A0290B2B8 /* AddGiftIdeaSheet.swift */,
				711769EFA88D8FC06C5A5572 /* EditGiftHistorySheet.swift */,
				8769414B8C61426492D58056 /* EditGiftIdeaSheet.swift */,
				8B56C3E141AAE5222EF953CE /* GiftHistoryRow.swift */,
				CB39183418B0E76238FA9158 /* GiftIdeaRow.swift */,
				83EEFAA1711FF7D0E0B7F39E /* GiftSummaryView.swift */,
			);
			path = Gift;
			sourceTree = "<group>";
		};
		082F1A95F2115B73A2EB3C5F /* Timeline */ = {
			isa = PBXGroup;
			children = (
				F0E2AFB4F054F2327E661194 /* BirthdayCountdownBadge.swift */,
				EF726314BEDDE5BB6C64E630 /* BirthdayRow.swift */,
				D5F96D1561167E4419327758 /* NochOhneGeschenkSection.swift */,
				0D67459933E4675EC2D59215 /* TimelineView.swift */,
			);
			path = Timeline;
			sourceTree = "<group>";
		};
		1A6DD27508B184EC5FCC70F4 /* Products */ = {
			isa = PBXGroup;
			children = (
				12D1D096860C12DFAB2C4D16 /* aiPresentsApp.app */,
				5FB7DAD883234BC09E12C476 /* aiPresentsAppTests.xctest */,
				40C06DC4DA1AD65D461067D1 /* BirthdayWidgetExtension.appex */,
			);
			name = Products;
			sourceTree = "<group>";
		};
		2A1D3049F984BF6826B8DBAF = {
			isa = PBXGroup;
			children = (
				4FCCEBBD776A26A884ADB277 /* aiPresentsApp */,
				8D140A209E9842888CA1A887 /* aiPresentsAppTests */,
				68E0351A5146923DD092F6B8 /* App */,
				7117134C2BAD60580B161855 /* BirthdayWidget */,
				1A6DD27508B184EC5FCC70F4 /* Products */,
			);
			sourceTree = "<group>";
		};
		2DA5764C7B6583E3018A9765 /* Onboarding */ = {
			isa = PBXGroup;
			children = (
				106D1BEF8550146110F92A6C /* OnboardingView.swift */,
			);
			path = Onboarding;
			sourceTree = "<group>";
		};
		3177EBA927AAB57FA144438E /* Person */ = {
			isa = PBXGroup;
			children = (
				FBB76E3E6785A675037F3D79 /* AllContactsView.swift */,
				28E6D8D8E853FE407FC128A9 /* ContactsImportView.swift */,
				7FD126F2E5D15ED3C1A0A867 /* PersonAvatar.swift */,
				A1FEF71AF911AEF88A1FD15D /* PersonDetailView.swift */,
			);
			path = Person;
			sourceTree = "<group>";
		};
		34D78A230962A7B1D395A352 /* Components */ = {
			isa = PBXGroup;
			children = (
				271E66143DD2D410FCAFD44D /* ButtonStyles.swift */,
				84458F69E06194AA2FA07A2F /* EmptyStateView.swift */,
				0F28E31AFE15E5C5BF328E7F /* HobbiesChipView.swift */,
				D193311408BB3D5C00C5C7D6 /* QuickActionCard.swift */,
				53ADD72AECCB8BD0511F891D /* RelationPickerView.swift */,
				C7C1474BF62BF80C2734793F /* SmartInputField.swift */,
				A3185DD71D459EE21A6A0461 /* SuggestionFeedbackView.swift */,
				502554517C926AD4B7EF35EE /* TimelineFilterView.swift */,
				633E1C1B18B0D830A8E305E3 /* ToastView.swift */,
			);
			path = Components;
			sourceTree = "<group>";
		};
		45237E226317C74A96EF76FD /* ViewModels */ = {
			isa = PBXGroup;
			children = (
				596E3CA77753436EF1C30BDD /* AIChatViewModel.swift */,
				9E705474AA673040B59B5EBA /* SuggestionQualityViewModel.swift */,
			);
			path = ViewModels;
			sourceTree = "<group>";
		};
		4FCCEBBD776A26A884ADB277 /* aiPresentsApp */ = {
			isa = PBXGroup;
			children = (
				FA76DEA3D7FF98FFEF1BCB48 /* AIContent.xcstrings */,
				8B96234C76EED9BED2CE7C03 /* aiPresentsApp.swift */,
				669201D64E204AF27A8B4549 /* Localizable.xcstrings */,
				87D87F42BB67A0CB420F5D13 /* Models */,
				8AB569293DE41C236F892BA2 /* Resources */,
				E7FDE6F6AFD2CBF79AF0CFDA /* Services */,
				CDD40D800F9F84DE09F417CA /* Utilities */,
				45237E226317C74A96EF76FD /* ViewModels */,
				64DBF3422E738DA33BA938D1 /* Views */,
				B9B6D9B646F55A02A1A7EB1C /* Widgets */,
			);
			name = aiPresentsApp;
			path = Sources/aiPresentsApp;
			sourceTree = "<group>";
		};
		5A86070C0636AA16B9E9E0D7 /* Settings */ = {
			isa = PBXGroup;
			children = (
				94B7A7A1704B15FDFCB8467B /* CurrencyPickerView.swift */,
				4CA036501E37863B03B99A76 /* DevSettingsView.swift */,
				88A28EFE658E6EEEB73069B2 /* LegalView.swift */,
				508247F8818A2793DD521981 /* PrivacyView.swift */,
				4B3DCE06A0DFE3AB2C55B83F /* ReminderSettingsView.swift */,
				722036218687E49E95EF8A33 /* SettingsView.swift */,
			);
			path = Settings;
			sourceTree = "<group>";
		};
		5DB01F8A31749BF447F1CAD8 /* DemoPhotos */ = {
			isa = PBXGroup;
			children = (
				F79BE3D8FCC1B5CB99E57DBB /* demo-anna.jpg */,
				FAF0A2E50D02422EB8D6F529 /* demo-emma.jpg */,
				0C0DDFF0C23DE788F8DF31A4 /* demo-erika.jpg */,
				AA0ACA005426F88C2D806DF7 /* demo-hans.jpg */,
				E47BEC5FEAD7E35C5D6570C5 /* demo-ingrid.jpg */,
				65B3A3AFD86F73CED4FC6D72 /* demo-julia.jpg */,
				1B36F2A6758410F64F73DFA8 /* demo-lisa.jpg */,
				C140E38D86B8B10857861C83 /* demo-max.jpg */,
				64C584B17491C3120AF1DF0B /* demo-michael.jpg */,
				0DF552A504FEB6F294F90285 /* demo-peter.jpg */,
				ACB6D6D4FCFBB46A3698F82F /* demo-sophie.jpg */,
				BC4FF73DF4AE11D942F75D02 /* demo-thomas.jpg */,
			);
			path = DemoPhotos;
			sourceTree = "<group>";
		};
		64DBF3422E738DA33BA938D1 /* Views */ = {
			isa = PBXGroup;
			children = (
				DBC502D8F73D78DC65FF08F9 /* ContentView.swift */,
				F5693E1132B7D77C5A771711 /* LaunchScreen.swift */,
				639A800C081194B19F639DD7 /* ShareSheetView.swift */,
				F7AA71E96AE36367309E8950 /* AI */,
				34D78A230962A7B1D395A352 /* Components */,
				05DD0F357077FDC7379D5AD0 /* Gift */,
				2DA5764C7B6583E3018A9765 /* Onboarding */,
				3177EBA927AAB57FA144438E /* Person */,
				5A86070C0636AA16B9E9E0D7 /* Settings */,
				082F1A95F2115B73A2EB3C5F /* Timeline */,
			);
			path = Views;
			sourceTree = "<group>";
		};
		65F124070173F797FC23F8BF /* UtilityTests */ = {
			isa = PBXGroup;
			children = (
				78BE49BD68A19D2708B9FF4D /* BirthdayDateHelperTests.swift */,
				A52099417BCBD7016D7D7C66 /* FormStateTests.swift */,
				12050DD29ABF53F754FB7448 /* SmartInputFieldTests.swift */,
			);
			path = UtilityTests;
			sourceTree = "<group>";
		};
		68E0351A5146923DD092F6B8 /* App */ = {
			isa = PBXGroup;
			children = (
				FAB8334445FE6CE62B8FD37D /* Secrets.xcconfig */,
			);
			path = App;
			sourceTree = "<group>";
		};
		7117134C2BAD60580B161855 /* BirthdayWidget */ = {
			isa = PBXGroup;
			children = (
				987579EBF3FB66AC923CA758 /* BirthdayTimelineProvider.swift */,
				51B467A880F06011A6CE947A /* BirthdayWidget.entitlements */,
				44614D5AC68097C1AE93D4BC /* BirthdayWidget.swift */,
				2995C4F05BD8267A5F3EB228 /* BirthdayWidgetViews.swift */,
				ED99D937E8614A2948B737A9 /* Info.plist */,
				81D810CCD472376033152FEE /* InfoPlist.xcstrings */,
				E216F336B476E2A5E5DEF4BB /* Localizable.xcstrings */,
				E1EA63976AEF36E896DC6F5B /* WidgetSharedTypes.swift */,
			);
			name = BirthdayWidget;
			path = Sources/BirthdayWidget;
			sourceTree = "<group>";
		};
		87D87F42BB67A0CB420F5D13 /* Models */ = {
			isa = PBXGroup;
			children = (
				2B618522D35422F2E3961784 /* ChatMessage.swift */,
				402FEFE3F505A5104FC535A3 /* GiftHistory.swift */,
				0750E534FFC66119B4D89A2B /* GiftIdea.swift */,
				98B65F655134CF6668D50BD9 /* PersonRef.swift */,
				D54D03939A717560DDD798EB /* ReminderRule.swift */,
				E7A00B208967B7E65E8EED20 /* SuggestionFeedback.swift */,
			);
			path = Models;
			sourceTree = "<group>";
		};
		8AB569293DE41C236F892BA2 /* Resources */ = {
			isa = PBXGroup;
			children = (
				EEFD26EDCE7DBFA7399211E8 /* AppColor.swift */,
				24C63E565A13C7B20220F982 /* Assets.xcassets */,
				E19AFC50D527EF534E758C21 /* PrivacyInfo.xcprivacy */,
				5DB01F8A31749BF447F1CAD8 /* DemoPhotos */,
			);
			path = Resources;
			sourceTree = "<group>";
		};
		8D140A209E9842888CA1A887 /* aiPresentsAppTests */ = {
			isa = PBXGroup;
			children = (
				A546E33A3E3C5AFDBF258820 /* AccessibilityConfigurationTests.swift */,
				A92D5A39066D3EB9FAD43895 /* AccessibilityHelperTests.swift */,
				AA443DCF283A93273952F5B3 /* AIBirthdayMessageSheetTests.swift */,
				463BBEC37B287A1D9FCC89A3 /* AIConsentManagerTests.swift */,
				B67C423C60F6B50FA69691AD /* AIServiceTests.swift */,
				2D5814499A1D7F07472C1E3A /* AnimationHelperTests.swift */,
				F4BE28E623996C74E0FB24BE /* AppColorTests.swift */,
				BE4BD0FE84325AD2FF2976F3 /* AppConfigTests.swift */,
				1BAAE077D709F609179254B0 /* AppLoggerTests.swift */,
				2B21B2CB3D74C9F83C2AE0FB /* BirthdayCalculationTests.swift */,
				9AF1C70D1E7AA24CAA593363 /* BirthdayCalculatorEdgeCasesTests.swift */,
				FF382AF887CC2A4530148FD7 /* BirthdayCalculatorTests.swift */,
				3BC3124099F551F5EA373EA7 /* BirthdayCalculatorThreadSafetyTests.swift */,
				CC8BA551EDF2FC361A5B1CF9 /* BirthdayWidgetDataTests.swift */,
				95BB6E1690ACBC0C41AE04F7 /* ContactsServiceTests.swift */,
				063CAB0C081F446D470C7433 /* DebouncerTests.swift */,
				EC6FCD24AE708AB86CF01C17 /* FormatterHelperTests.swift */,
				216B383534F0CBFB6BD6242C /* FormValidatorTests.swift */,
				EFE2FA9D61AEDE351B3B7718 /* GiftModelValidationTests.swift */,
				7EAA89C692C942FB0A0FCFB3 /* HapticFeedbackTests.swift */,
				E51FAE4D15E483A6BD00D955 /* ModelValidationTests.swift */,
				F83B4AFF1A07CE2D4289D65A /* PersonRefExportTests.swift */,
				C1099CCB57FBD2055364A801 /* ReminderManagerTests.swift */,
				507E0BBB507D60FBD3B50AC0 /* SampleDataServiceTests.swift */,
				505CF312F2774E4C40670379 /* SuggestionQualityViewModelTests.swift */,
				CCC5D2F28E192F7222EDA70D /* ToastViewTests.swift */,
				8A4EEB524DA35DA87130A7F8 /* URLValidatorTests.swift */,
				CC88C885EE88547724D7673C /* ValidationHelperTests.swift */,
				65F124070173F797FC23F8BF /* UtilityTests */,
			);
			name = aiPresentsAppTests;
			path = Tests/aiPresentsAppTests;
			sourceTree = "<group>";
		};
		B9B6D9B646F55A02A1A7EB1C /* Widgets */ = {
			isa = PBXGroup;
			children = (
				9FC35DCCF49380674DAC125E /* BirthdayWidgetView.swift */,
			);
			path = Widgets;
			sourceTree = "<group>";
		};
		CDD40D800F9F84DE09F417CA /* Utilities */ = {
			isa = PBXGroup;
			children = (
				34597EBF8E869A576A033613 /* AccessibilityConfiguration.swift */,
				1352AE658416E5B2DEEB06D7 /* AccessibilityHelper.swift */,
				42CCCFD839244D8E1C2ACB19 /* AgeObfuscator.swift */,
				1D56F13FD4A2AE4764D571A0 /* AnimationHelper.swift */,
				40B6E83D614EF822E16CE41C /* AppAnimation.swift */,
				E9625CCD9B5CF0D4CD77D3C0 /* AppConfig.swift */,
				1FCB7E8FECC68A391737DFAF /* AppLogger.swift */,
				1F1A02B6D7A77AAD75AE1990 /* BirthdayCalculator.swift */,
				6F4689396F1072DD2D28E078 /* BirthdayDateHelper.swift */,
				8F0FFC29100B5746FDA7B170 /* BirthdayWidgetData.swift */,
				A1CEA4ED4260D661E8A6F60F /* Debouncer.swift */,
				27B18845F0E7BC36A990BF92 /* FormatterHelper.swift */,
				BB528C5CB9257C5B49C23519 /* FormState.swift */,
				BB4A238B9D3BB1782F13C829 /* FormValidator.swift */,
				476075C5D2C6F503AB4A6F28 /* GenderInference.swift */,
				6A5FC754F1167DC0929B2495 /* HapticFeedback.swift */,
				D654609E73AC420D24EAFCA2 /* NotificationPermissionHelper.swift */,
				842B4A599402C7B306F56FE6 /* RelationOptions.swift */,
				AB5F559491D1986B505C9C84 /* URLValidator.swift */,
				8502AF01206747446F5E2EED /* ValidationHelper.swift */,
			);
			path = Utilities;
			sourceTree = "<group>";
		};
		E7FDE6F6AFD2CBF79AF0CFDA /* Services */ = {
			isa = PBXGroup;
			children = (
				B1E90FAE8B819BCA02CD3D47 /* AIConsentManager.swift */,
				49F19315FD9DFE8E8059A7D2 /* AIService.swift */,
				43C388F5B7A645CA233541D7 /* ContactPhotoService.swift */,
				A29444B6BDF0731546595DE2 /* ContactsService.swift */,
				24CB6420BDF5CF7A64EC62AB /* CurrencyManager.swift */,
				FC7EC86AFD43E7619FFD809C /* GiftTransitionService.swift */,
				AF5D518273E7BB19D619E0DF /* ReminderManager.swift */,
				56B829D839F0FB868391D0FA /* SampleDataService.swift */,
				BA3BFC741FC7522FB943DEC6 /* SpeechRecognitionService.swift */,
				A6EB8AD13515C4A79913E22B /* WidgetDataService.swift */,
			);
			path = Services;
			sourceTree = "<group>";
		};
		F7AA71E96AE36367309E8950 /* AI */ = {
			isa = PBXGroup;
			children = (
				7445EDABC3BF7FB4E9809AD8 /* AIBirthdayMessageSheet.swift */,
				FD9995C6AE43B45FD1F56F19 /* AIChatView.swift */,
				1189BC8C6BCB6FA40B03A301 /* AIConsentSheet.swift */,
				B6B3346F947F83DB766598DA /* AIGiftSuggestionsSheet.swift */,
				194FEF6D34BD0E36B4E9FA00 /* ChatBubbleView.swift */,
				44DDD4E6A61E3B0E0D97E57E /* ChatInputBar.swift */,
			);
			path = AI;
			sourceTree = "<group>";
		};
/* End PBXGroup section */

/* Begin PBXNativeTarget section */
		D13703CE0BA0DA2FBA541264 /* aiPresentsApp */ = {
			isa = PBXNativeTarget;
			buildConfigurationList = C4490B72513A515B16C386C6 /* Build configuration list for PBXNativeTarget "aiPresentsApp" */;
			buildPhases = (
				F0F620C614527F4B6C672843 /* Sources */,
				A993BD66C7F65FFDBA70A8F6 /* Resources */,
				078237B0D78E27C077DAF402 /* Embed Foundation Extensions */,
			);
			buildRules = (
			);
			dependencies = (
				6D6EDA63C3043B38251836DC /* PBXTargetDependency */,
			);
			name = aiPresentsApp;
			packageProductDependencies = (
			);
			productName = aiPresentsApp;
			productReference = 12D1D096860C12DFAB2C4D16 /* aiPresentsApp.app */;
			productType = "com.apple.product-type.application";
		};
		DD8B7B44889426081083AF6F /* aiPresentsAppTests */ = {
			isa = PBXNativeTarget;
			buildConfigurationList = 27CBEFAAB78CFAAD50206DB0 /* Build configuration list for PBXNativeTarget "aiPresentsAppTests" */;
			buildPhases = (
				B29527B0E04DD88F845628C0 /* Sources */,
			);
			buildRules = (
			);
			dependencies = (
				B9D151C6EA63E8A3855696CD /* PBXTargetDependency */,
			);
			name = aiPresentsAppTests;
			packageProductDependencies = (
			);
			productName = aiPresentsAppTests;
			productReference = 5FB7DAD883234BC09E12C476 /* aiPresentsAppTests.xctest */;
			productType = "com.apple.product-type.bundle.unit-test";
		};
		E3D3E47E2E69129859C61EBB /* BirthdayWidgetExtension */ = {
			isa = PBXNativeTarget;
			buildConfigurationList = 3A21878614F3BE953A29BAB9 /* Build configuration list for PBXNativeTarget "BirthdayWidgetExtension" */;
			buildPhases = (
				769395E38FE4E76DC00CE909 /* Sources */,
				B7EB517BDD702F9A9CD9C18F /* Resources */,
			);
			buildRules = (
			);
			dependencies = (
			);
			name = BirthdayWidgetExtension;
			packageProductDependencies = (
			);
			productName = BirthdayWidgetExtension;
			productReference = 40C06DC4DA1AD65D461067D1 /* BirthdayWidgetExtension.appex */;
			productType = "com.apple.product-type.app-extension";
		};
/* End PBXNativeTarget section */

/* Begin PBXProject section */
		3E79656696FDB979EA10FE3E /* Project object */ = {
			isa = PBXProject;
			attributes = {
				BuildIndependentTargetsInParallel = YES;
				LastUpgradeCheck = 2600;
				TargetAttributes = {
					D13703CE0BA0DA2FBA541264 = {
						DevelopmentTeam = CU87QNNB3N;
						ProvisioningStyle = Automatic;
					};
					E3D3E47E2E69129859C61EBB = {
						DevelopmentTeam = CU87QNNB3N;
						ProvisioningStyle = Automatic;
					};
				};
			};
			buildConfigurationList = B03DB77583CDFFA6558FED8E /* Build configuration list for PBXProject "ai-presents-app-ios" */;
			compatibilityVersion = "Xcode 14.0";
			developmentRegion = de;
			hasScannedForEncodings = 0;
			knownRegions = (
				Base,
				de,
				en,
				fr,
			);
			mainGroup = 2A1D3049F984BF6826B8DBAF;
			minimizedProjectReferenceProxies = 1;
			preferredProjectObjectVersion = 77;
			projectDirPath = "";
			projectRoot = "";
			targets = (
				E3D3E47E2E69129859C61EBB /* BirthdayWidgetExtension */,
				D13703CE0BA0DA2FBA541264 /* aiPresentsApp */,
				DD8B7B44889426081083AF6F /* aiPresentsAppTests */,
			);
		};
/* End PBXProject section */

/* Begin PBXResourcesBuildPhase section */
		A993BD66C7F65FFDBA70A8F6 /* Resources */ = {
			isa = PBXResourcesBuildPhase;
			buildActionMask = 2147483647;
			files = (
				C087C138C4A30588B39AAE16 /* AIContent.xcstrings in Resources */,
				E51E4AE8AE4FBEFD81C752C4 /* Assets.xcassets in Resources */,
				C93370B887B83EF31F6583BB /* Localizable.xcstrings in Resources */,
				2FA251DE8BF357AB13AB9B90 /* PrivacyInfo.xcprivacy in Resources */,
				5F9A0C7FCB67D118A9EDF9CE /* demo-anna.jpg in Resources */,
				1C9734BA2FC042AFD449F8E5 /* demo-emma.jpg in Resources */,
				DD4C17C3DAFCF8C18E4EB0C4 /* demo-erika.jpg in Resources */,
				0630A95A542BA683B7B03A09 /* demo-hans.jpg in Resources */,
				A2116E5CE17F7C1FEFECDA97 /* demo-ingrid.jpg in Resources */,
				EDE0190E40ED65E2F2EFE811 /* demo-julia.jpg in Resources */,
				F0EED3E736F6DE772AF1037C /* demo-lisa.jpg in Resources */,
				4BB8F952AE94C51E3B6E502B /* demo-max.jpg in Resources */,
				41738A790292E3AE191C0333 /* demo-michael.jpg in Resources */,
				452B098D43648CAD88063CA7 /* demo-peter.jpg in Resources */,
				A3AB0F00E3C9BBAE31A8C8D0 /* demo-sophie.jpg in Resources */,
				F0F6F2EF94FDDF89B7DD50DE /* demo-thomas.jpg in Resources */,
			);
			runOnlyForDeploymentPostprocessing = 0;
		};
		B7EB517BDD702F9A9CD9C18F /* Resources */ = {
			isa = PBXResourcesBuildPhase;
			buildActionMask = 2147483647;
			files = (
				A665CB640EDDB4CD95671A07 /* InfoPlist.xcstrings in Resources */,
				0F66BC114F37B8D0B16A630F /* Localizable.xcstrings in Resources */,
			);
			runOnlyForDeploymentPostprocessing = 0;
		};
/* End PBXResourcesBuildPhase section */

/* Begin PBXSourcesBuildPhase section */
		769395E38FE4E76DC00CE909 /* Sources */ = {
			isa = PBXSourcesBuildPhase;
			buildActionMask = 2147483647;
			files = (
				3E0804C4CB74C312EED37B4F /* BirthdayTimelineProvider.swift in Sources */,
				B20A8F0530F4C41B976873AF /* BirthdayWidget.swift in Sources */,
				84656637788C8AB6FB5FD211 /* BirthdayWidgetViews.swift in Sources */,
				CCA5269B438A26095BB3EBB9 /* WidgetSharedTypes.swift in Sources */,
			);
			runOnlyForDeploymentPostprocessing = 0;
		};
		B29527B0E04DD88F845628C0 /* Sources */ = {
			isa = PBXSourcesBuildPhase;
			buildActionMask = 2147483647;
			files = (
				9427DC3A62E7EFC8747F871D /* AIBirthdayMessageSheetTests.swift in Sources */,
				302089CCD50FCAE95999D515 /* AIConsentManagerTests.swift in Sources */,
				FBB7A3F4309F98B05DC46435 /* AIServiceTests.swift in Sources */,
				1FD4F88401FFE069FBFD3B3E /* AccessibilityConfigurationTests.swift in Sources */,
				9C3438E34DD32FF19D18E93D /* AccessibilityHelperTests.swift in Sources */,
				C2E8551D0E177976CDA639ED /* AnimationHelperTests.swift in Sources */,
				F1632B641E2ADD434097F145 /* AppColorTests.swift in Sources */,
				223704652E1BAC3EDDF046FC /* AppConfigTests.swift in Sources */,
				B805699DF86D36AAA54F0F1C /* AppLoggerTests.swift in Sources */,
				85F84E3782BF1D0066448A5B /* BirthdayCalculationTests.swift in Sources */,
				1AE22A18E8DF8520632671A6 /* BirthdayCalculatorEdgeCasesTests.swift in Sources */,
				3B35DB430F791BD5DEF5018A /* BirthdayCalculatorTests.swift in Sources */,
				293D6EBEDA0427F92D55F28D /* BirthdayCalculatorThreadSafetyTests.swift in Sources */,
				011B23B9E759F14B51EF9A81 /* BirthdayDateHelperTests.swift in Sources */,
				97207EC8D3DF3E4B7B92D373 /* BirthdayWidgetDataTests.swift in Sources */,
				803759AE778885B8326EB53D /* ContactsServiceTests.swift in Sources */,
				D41082B2ED0E32EFDE1354A9 /* DebouncerTests.swift in Sources */,
				9588530C039939683320C67D /* FormStateTests.swift in Sources */,
				E0023769BF1798B1A13832C0 /* FormValidatorTests.swift in Sources */,
				0EF415E6F6F638BC53BC2113 /* FormatterHelperTests.swift in Sources */,
				645974F1F40A1B360A8183CC /* GiftModelValidationTests.swift in Sources */,
				5E461CD06FCC9B092BA2EA4E /* HapticFeedbackTests.swift in Sources */,
				CDDEE1E236CA31840130E0F1 /* ModelValidationTests.swift in Sources */,
				22D00FD6376BD4B10359B1B5 /* PersonRefExportTests.swift in Sources */,
				6F7B8B4B1ABDF4B49D08BACB /* ReminderManagerTests.swift in Sources */,
				259BBF9C15E6B8EA771EA140 /* SampleDataServiceTests.swift in Sources */,
				2587C2B231841BC97D8E4FF6 /* SmartInputFieldTests.swift in Sources */,
				DFB1700B4EA9D5C9723CD707 /* SuggestionQualityViewModelTests.swift in Sources */,
				D4370B129053585B936FB3EE /* ToastViewTests.swift in Sources */,
				9D8A60137B72FF9BB1003B7B /* URLValidatorTests.swift in Sources */,
				ACF2CFCF45EB2312F56815E0 /* ValidationHelperTests.swift in Sources */,
			);
			runOnlyForDeploymentPostprocessing = 0;
		};
		F0F620C614527F4B6C672843 /* Sources */ = {
			isa = PBXSourcesBuildPhase;
			buildActionMask = 2147483647;
			files = (
				EBD3EF59DCEFDCB8BB9E4182 /* AIBirthdayMessageSheet.swift in Sources */,
				511BCECA0736D37EC1EA5746 /* AIChatView.swift in Sources */,
				C9FBE9E01E8E6889EF6DD8A3 /* AIChatViewModel.swift in Sources */,
				7574E0C815AA410516F222F2 /* AIConsentManager.swift in Sources */,
				D88CF76CBECD49423145CE85 /* AIConsentSheet.swift in Sources */,
				3D50FD8737ED88810260C6C0 /* AIGiftSuggestionsSheet.swift in Sources */,
				5CB56DD85D350BE96FD24FDD /* AIService.swift in Sources */,
				DE56A3B1C078CF765FF226DE /* AccessibilityConfiguration.swift in Sources */,
				24B66A4E2179EF84ACF9109C /* AccessibilityHelper.swift in Sources */,
				2740B387B0AFC11EE6549B7B /* AddGiftHistorySheet.swift in Sources */,
				6686A8787F67137D4E2656A8 /* AddGiftIdeaSheet.swift in Sources */,
				ED2AFFA508807D0E9E523670 /* AgeObfuscator.swift in Sources */,
				3C76F2D83CA9E5A6F1A2FAA9 /* AllContactsView.swift in Sources */,
				2ABBEB5E8A432317ADCE5B70 /* AnimationHelper.swift in Sources */,
				19EAD57CD2629FC7D1C796E2 /* AppAnimation.swift in Sources */,
				E7086712F1C4D11F26E86747 /* AppColor.swift in Sources */,
				5AB38A2B566D33FAAC8D5B5A /* AppConfig.swift in Sources */,
				4184E6B2443944AB6077A7AE /* AppLogger.swift in Sources */,
				AC138672CE067DF6B4308C1E /* BirthdayCalculator.swift in Sources */,
				5D92B07A74082F74F8F3613D /* BirthdayCountdownBadge.swift in Sources */,
				19E005C071527D0AB3DF63EF /* BirthdayDateHelper.swift in Sources */,
				ADE1CC765E156F4853A4DDF8 /* BirthdayRow.swift in Sources */,
				4688F631BAAFB6A1850550F0 /* BirthdayWidgetData.swift in Sources */,
				0B105CAA3122D6323CE7824E /* BirthdayWidgetView.swift in Sources */,
				DC9D90107E2252A49DE8F90E /* ButtonStyles.swift in Sources */,
				A3EB1C597C140A4C1561CA0A /* ChatBubbleView.swift in Sources */,
				8501B070F5EFF7678DC7071C /* ChatInputBar.swift in Sources */,
				6A843E076521CAF9B67CEFBD /* ChatMessage.swift in Sources */,
				F4B20996565BE1D5738F725E /* ContactPhotoService.swift in Sources */,
				C6DC1001E06284F372E00529 /* ContactsImportView.swift in Sources */,
				7957F19643497DB441123934 /* ContactsService.swift in Sources */,
				0D6E38A50ABD9ACEF04B8E23 /* ContentView.swift in Sources */,
				43CFD7DFC511954691EAA57B /* CurrencyManager.swift in Sources */,
				F526501B141DB1E68DCC119E /* CurrencyPickerView.swift in Sources */,
				B6F30405FEBA5F73D16CEA09 /* Debouncer.swift in Sources */,
				A56DD62AEF51C01D7115FB65 /* DevSettingsView.swift in Sources */,
				44475B6B9052225B83F66E8D /* EditGiftHistorySheet.swift in Sources */,
				957D35ED0EDC35A8C09D2D4E /* EditGiftIdeaSheet.swift in Sources */,
				9243DC8E316E82F7A49D34B9 /* EmptyStateView.swift in Sources */,
				6A8681CDDAB93E30A369AD8D /* FormState.swift in Sources */,
				3E572DCDDD3299E595D2F565 /* FormValidator.swift in Sources */,
				A0DFB75E42ECB007BF029AE2 /* FormatterHelper.swift in Sources */,
				FD4D2A2144E158D556ADED3B /* GenderInference.swift in Sources */,
				A7C4BDBF71BC24782E5BCB1D /* GiftHistory.swift in Sources */,
				76451A86ED7DAD408D957293 /* GiftHistoryRow.swift in Sources */,
				1DFC8F260BC16B738734E9F6 /* GiftIdea.swift in Sources */,
				E3452B788DEA3657114B593A /* GiftIdeaRow.swift in Sources */,
				E57D8B243D742300DB9D1E97 /* GiftSummaryView.swift in Sources */,
				AA835811E643849C8EEF8B2C /* GiftTransitionService.swift in Sources */,
				1BC5F8C5FB57C80C08734734 /* HapticFeedback.swift in Sources */,
				758D27DA2137FB05214AF2A7 /* HobbiesChipView.swift in Sources */,
				B9854D7E3B02288BCF098983 /* LaunchScreen.swift in Sources */,
				0D3739160A5B71DD7F9E76F7 /* LegalView.swift in Sources */,
				394B25271A05013E17B413FF /* NochOhneGeschenkSection.swift in Sources */,
				3DF3F3C26C22CB8F580F83C0 /* NotificationPermissionHelper.swift in Sources */,
				B7E016C0B6BB420CF944444E /* OnboardingView.swift in Sources */,
				97CA71ECC58101BBEBA9A15F /* PersonAvatar.swift in Sources */,
				5588AE9AB8463F7BF41CD246 /* PersonDetailView.swift in Sources */,
				9BF2F2BB730530A2209C0220 /* PersonRef.swift in Sources */,
				C801A1B192B9D9FE1FEF75B4 /* PrivacyView.swift in Sources */,
				BDF4D04C70CB9E87D9F20383 /* QuickActionCard.swift in Sources */,
				D29BAACE8F45C70867A0BB03 /* RelationOptions.swift in Sources */,
				CCE878A6908A834DF2CAEDDC /* RelationPickerView.swift in Sources */,
				6448766B18F8AAA964555537 /* ReminderManager.swift in Sources */,
				927932D1E34BB9B96838198B /* ReminderRule.swift in Sources */,
				288B939B5B82311CC9271EB9 /* ReminderSettingsView.swift in Sources */,
				C03A75E3B72AEF439DCE247B /* SampleDataService.swift in Sources */,
				672DC7E93D3BE9EE48016044 /* SettingsView.swift in Sources */,
				DB037047927D8B4E3AD267B9 /* ShareSheetView.swift in Sources */,
				831940E5795C3E5929750297 /* SmartInputField.swift in Sources */,
				400365EF33DDCECA2B3AE6C6 /* SpeechRecognitionService.swift in Sources */,
				7646F3A08BCEF6CA391CDB98 /* SuggestionFeedback.swift in Sources */,
				88ED29FC5BFFAE3D273DBF27 /* SuggestionFeedbackView.swift in Sources */,
				02BD9144C92EBA217C096D14 /* SuggestionQualityViewModel.swift in Sources */,
				83B8D918FDB4ED0D5B20FC62 /* TimelineFilterView.swift in Sources */,
				19E9A3274F1DEA8DBD575123 /* TimelineView.swift in Sources */,
				536C68C701B7445374355897 /* ToastView.swift in Sources */,
				618B54FA2FCE6FEDA3840D24 /* URLValidator.swift in Sources */,
				A698099C64A398F9C86E12D7 /* ValidationHelper.swift in Sources */,
				35BC16F120ECF2AEA82B7EED /* WidgetDataService.swift in Sources */,
				6DED96A46E46750CA87BAE6E /* aiPresentsApp.swift in Sources */,
			);
			runOnlyForDeploymentPostprocessing = 0;
		};
/* End PBXSourcesBuildPhase section */

/* Begin PBXTargetDependency section */
		6D6EDA63C3043B38251836DC /* PBXTargetDependency */ = {
			isa = PBXTargetDependency;
			target = E3D3E47E2E69129859C61EBB /* BirthdayWidgetExtension */;
			targetProxy = 4F1B7B7C4182AB5C254AC156 /* PBXContainerItemProxy */;
		};
		B9D151C6EA63E8A3855696CD /* PBXTargetDependency */ = {
			isa = PBXTargetDependency;
			target = D13703CE0BA0DA2FBA541264 /* aiPresentsApp */;
			targetProxy = D6754F152ADADEBEC13B4AEC /* PBXContainerItemProxy */;
		};
/* End PBXTargetDependency section */

/* Begin XCBuildConfiguration section */
		1C7D355D2907D7FBD3B3807F /* Release */ = {
			isa = XCBuildConfiguration;
			buildSettings = {
				ALWAYS_SEARCH_USER_PATHS = NO;
				CLANG_ANALYZER_NONNULL = YES;
				CLANG_ANALYZER_NUMBER_OBJECT_CONVERSION = YES_AGGRESSIVE;
				CLANG_CXX_LANGUAGE_STANDARD = "gnu++14";
				CLANG_CXX_LIBRARY = "libc++";
				CLANG_ENABLE_MODULES = YES;
				CLANG_ENABLE_OBJC_ARC = YES;
				CLANG_ENABLE_OBJC_WEAK = YES;
				CLANG_WARN_BLOCK_CAPTURE_AUTORELEASING = YES;
				CLANG_WARN_BOOL_CONVERSION = YES;
				CLANG_WARN_COMMA = YES;
				CLANG_WARN_CONSTANT_CONVERSION = YES;
				CLANG_WARN_DEPRECATED_OBJC_IMPLEMENTATIONS = YES;
				CLANG_WARN_DIRECT_OBJC_ISA_USAGE = YES_ERROR;
				CLANG_WARN_DOCUMENTATION_COMMENTS = YES;
				CLANG_WARN_EMPTY_BODY = YES;
				CLANG_WARN_ENUM_CONVERSION = YES;
				CLANG_WARN_INFINITE_RECURSION = YES;
				CLANG_WARN_INT_CONVERSION = YES;
				CLANG_WARN_NON_LITERAL_NULL_CONVERSION = YES;
				CLANG_WARN_OBJC_IMPLICIT_RETAIN_SELF = YES;
				CLANG_WARN_OBJC_LITERAL_CONVERSION = YES;
				CLANG_WARN_OBJC_ROOT_CLASS = YES_ERROR;
				CLANG_WARN_QUOTED_INCLUDE_IN_FRAMEWORK_HEADER = YES;
				CLANG_WARN_RANGE_LOOP_ANALYSIS = YES;
				CLANG_WARN_STRICT_PROTOTYPES = YES;
				CLANG_WARN_SUSPICIOUS_MOVE = YES;
				CLANG_WARN_UNGUARDED_AVAILABILITY = YES_AGGRESSIVE;
				CLANG_WARN_UNREACHABLE_CODE = YES;
				CLANG_WARN__DUPLICATE_METHOD_MATCH = YES;
				COPY_PHASE_STRIP = NO;
				DEBUG_INFORMATION_FORMAT = "dwarf-with-dsym";
				ENABLE_NS_ASSERTIONS = NO;
				ENABLE_STRICT_OBJC_MSGSEND = YES;
				GCC_C_LANGUAGE_STANDARD = gnu11;
				GCC_NO_COMMON_BLOCKS = YES;
				GCC_WARN_64_TO_32_BIT_CONVERSION = YES;
				GCC_WARN_ABOUT_RETURN_TYPE = YES_ERROR;
				GCC_WARN_UNDECLARED_SELECTOR = YES;
				GCC_WARN_UNINITIALIZED_AUTOS = YES_AGGRESSIVE;
				GCC_WARN_UNUSED_FUNCTION = YES;
				GCC_WARN_UNUSED_VARIABLE = YES;
				IPHONEOS_DEPLOYMENT_TARGET = 26.0;
				MTL_ENABLE_DEBUG_INFO = NO;
				MTL_FAST_MATH = YES;
				PRODUCT_NAME = "$(TARGET_NAME)";
				SDKROOT = iphoneos;
				SWIFT_COMPILATION_MODE = wholemodule;
				SWIFT_OPTIMIZATION_LEVEL = "-O";
				SWIFT_VERSION = 5.0;
			};
			name = Release;
		};
		37F79148F46A936C3BDF3B58 /* Debug */ = {
			isa = XCBuildConfiguration;
			baseConfigurationReference = FAB8334445FE6CE62B8FD37D /* Secrets.xcconfig */;
			buildSettings = {
				ASSETCATALOG_COMPILER_APPICON_NAME = AppIcon;
				CODE_SIGNING_ALLOWED = YES;
				CODE_SIGNING_REQUIRED = YES;
				CODE_SIGN_ENTITLEMENTS = App/aiPresentsApp.entitlements;
				CODE_SIGN_IDENTITY = "iPhone Developer";
				CODE_SIGN_STYLE = Automatic;
				DEVELOPMENT_TEAM = CU87QNNB3N;
				INFOPLIST_FILE = App/Info.plist;
				IPHONEOS_DEPLOYMENT_TARGET = 26.0;
				LD_RUNPATH_SEARCH_PATHS = (
					"$(inherited)",
					"@executable_path/Frameworks",
				);
				PRODUCT_BUNDLE_IDENTIFIER = "com.hendrikgrueger.birthdays-presents-ai";
				SDKROOT = iphoneos;
				SWIFT_VERSION = 6.0;
				TARGETED_DEVICE_FAMILY = "1,2";
			};
			name = Debug;
		};
		6BE8539154B5166DD6509166 /* Debug */ = {
			isa = XCBuildConfiguration;
			buildSettings = {
				ALWAYS_SEARCH_USER_PATHS = NO;
				CLANG_ANALYZER_NONNULL = YES;
				CLANG_ANALYZER_NUMBER_OBJECT_CONVERSION = YES_AGGRESSIVE;
				CLANG_CXX_LANGUAGE_STANDARD = "gnu++14";
				CLANG_CXX_LIBRARY = "libc++";
				CLANG_ENABLE_MODULES = YES;
				CLANG_ENABLE_OBJC_ARC = YES;
				CLANG_ENABLE_OBJC_WEAK = YES;
				CLANG_WARN_BLOCK_CAPTURE_AUTORELEASING = YES;
				CLANG_WARN_BOOL_CONVERSION = YES;
				CLANG_WARN_COMMA = YES;
				CLANG_WARN_CONSTANT_CONVERSION = YES;
				CLANG_WARN_DEPRECATED_OBJC_IMPLEMENTATIONS = YES;
				CLANG_WARN_DIRECT_OBJC_ISA_USAGE = YES_ERROR;
				CLANG_WARN_DOCUMENTATION_COMMENTS = YES;
				CLANG_WARN_EMPTY_BODY = YES;
				CLANG_WARN_ENUM_CONVERSION = YES;
				CLANG_WARN_INFINITE_RECURSION = YES;
				CLANG_WARN_INT_CONVERSION = YES;
				CLANG_WARN_NON_LITERAL_NULL_CONVERSION = YES;
				CLANG_WARN_OBJC_IMPLICIT_RETAIN_SELF = YES;
				CLANG_WARN_OBJC_LITERAL_CONVERSION = YES;
				CLANG_WARN_OBJC_ROOT_CLASS = YES_ERROR;
				CLANG_WARN_QUOTED_INCLUDE_IN_FRAMEWORK_HEADER = YES;
				CLANG_WARN_RANGE_LOOP_ANALYSIS = YES;
				CLANG_WARN_STRICT_PROTOTYPES = YES;
				CLANG_WARN_SUSPICIOUS_MOVE = YES;
				CLANG_WARN_UNGUARDED_AVAILABILITY = YES_AGGRESSIVE;
				CLANG_WARN_UNREACHABLE_CODE = YES;
				CLANG_WARN__DUPLICATE_METHOD_MATCH = YES;
				COPY_PHASE_STRIP = NO;
				DEBUG_INFORMATION_FORMAT = dwarf;
				ENABLE_STRICT_OBJC_MSGSEND = YES;
				ENABLE_TESTABILITY = YES;
				GCC_C_LANGUAGE_STANDARD = gnu11;
				GCC_DYNAMIC_NO_PIC = NO;
				GCC_NO_COMMON_BLOCKS = YES;
				GCC_OPTIMIZATION_LEVEL = 0;
				GCC_PREPROCESSOR_DEFINITIONS = (
					"$(inherited)",
					"DEBUG=1",
				);
				GCC_WARN_64_TO_32_BIT_CONVERSION = YES;
				GCC_WARN_ABOUT_RETURN_TYPE = YES_ERROR;
				GCC_WARN_UNDECLARED_SELECTOR = YES;
				GCC_WARN_UNINITIALIZED_AUTOS = YES_AGGRESSIVE;
				GCC_WARN_UNUSED_FUNCTION = YES;
				GCC_WARN_UNUSED_VARIABLE = YES;
				IPHONEOS_DEPLOYMENT_TARGET = 26.0;
				MTL_ENABLE_DEBUG_INFO = INCLUDE_SOURCE;
				MTL_FAST_MATH = YES;
				ONLY_ACTIVE_ARCH = YES;
				PRODUCT_NAME = "$(TARGET_NAME)";
				SDKROOT = iphoneos;
				SWIFT_ACTIVE_COMPILATION_CONDITIONS = DEBUG;
				SWIFT_OPTIMIZATION_LEVEL = "-Onone";
				SWIFT_VERSION = 5.0;
			};
			name = Debug;
		};
		790F1FE9664D3D17781C8C43 /* Debug */ = {
			isa = XCBuildConfiguration;
			buildSettings = {
				CODE_SIGNING_ALLOWED = YES;
				CODE_SIGNING_REQUIRED = YES;
				CODE_SIGN_ENTITLEMENTS = Sources/BirthdayWidget/BirthdayWidget.entitlements;
				CODE_SIGN_STYLE = Automatic;
				DEVELOPMENT_TEAM = CU87QNNB3N;
				INFOPLIST_FILE = Sources/BirthdayWidget/Info.plist;
				IPHONEOS_DEPLOYMENT_TARGET = 26.0;
				LD_RUNPATH_SEARCH_PATHS = (
					"$(inherited)",
					"@executable_path/Frameworks",
					"@executable_path/../../Frameworks",
				);
				PRODUCT_BUNDLE_IDENTIFIER = "com.hendrikgrueger.birthdays-presents-ai.widget";
				SDKROOT = iphoneos;
				SKIP_INSTALL = YES;
				SWIFT_VERSION = 6.0;
				TARGETED_DEVICE_FAMILY = "1,2";
			};
			name = Debug;
		};
		863B6B9FF53F15BB24771467 /* Release */ = {
			isa = XCBuildConfiguration;
			buildSettings = {
				CODE_SIGNING_ALLOWED = YES;
				CODE_SIGNING_REQUIRED = YES;
				CODE_SIGN_ENTITLEMENTS = Sources/BirthdayWidget/BirthdayWidget.entitlements;
				CODE_SIGN_STYLE = Automatic;
				DEVELOPMENT_TEAM = CU87QNNB3N;
				INFOPLIST_FILE = Sources/BirthdayWidget/Info.plist;
				IPHONEOS_DEPLOYMENT_TARGET = 26.0;
				LD_RUNPATH_SEARCH_PATHS = (
					"$(inherited)",
					"@executable_path/Frameworks",
					"@executable_path/../../Frameworks",
				);
				PRODUCT_BUNDLE_IDENTIFIER = "com.hendrikgrueger.birthdays-presents-ai.widget";
				SDKROOT = iphoneos;
				SKIP_INSTALL = YES;
				SWIFT_VERSION = 6.0;
				TARGETED_DEVICE_FAMILY = "1,2";
			};
			name = Release;
		};
		A67059272BC613BB62F8D0D2 /* Release */ = {
			isa = XCBuildConfiguration;
			buildSettings = {
				BUNDLE_LOADER = "$(TEST_HOST)";
				CODE_SIGNING_ALLOWED = NO;
				CODE_SIGNING_REQUIRED = NO;
				IPHONEOS_DEPLOYMENT_TARGET = 26.0;
				LD_RUNPATH_SEARCH_PATHS = (
					"$(inherited)",
					"@executable_path/Frameworks",
					"@loader_path/Frameworks",
				);
				PRODUCT_BUNDLE_IDENTIFIER = com.hendrikgrueger.aiPresentsAppTests;
				SDKROOT = iphoneos;
				SWIFT_VERSION = 6.0;
				TARGETED_DEVICE_FAMILY = "1,2";
				TEST_HOST = "$(BUILT_PRODUCTS_DIR)/aiPresentsApp.app/$(BUNDLE_EXECUTABLE_FOLDER_PATH)/aiPresentsApp";
			};
			name = Release;
		};
		BBA74B65F9DEB007B0DA216F /* Release */ = {
			isa = XCBuildConfiguration;
			baseConfigurationReference = FAB8334445FE6CE62B8FD37D /* Secrets.xcconfig */;
			buildSettings = {
				ASSETCATALOG_COMPILER_APPICON_NAME = AppIcon;
				CODE_SIGNING_ALLOWED = YES;
				CODE_SIGNING_REQUIRED = YES;
				CODE_SIGN_ENTITLEMENTS = App/aiPresentsApp.entitlements;
				CODE_SIGN_IDENTITY = "iPhone Developer";
				CODE_SIGN_STYLE = Automatic;
				DEVELOPMENT_TEAM = CU87QNNB3N;
				INFOPLIST_FILE = App/Info.plist;
				IPHONEOS_DEPLOYMENT_TARGET = 26.0;
				LD_RUNPATH_SEARCH_PATHS = (
					"$(inherited)",
					"@executable_path/Frameworks",
				);
				PRODUCT_BUNDLE_IDENTIFIER = "com.hendrikgrueger.birthdays-presents-ai";
				SDKROOT = iphoneos;
				SWIFT_VERSION = 6.0;
				TARGETED_DEVICE_FAMILY = "1,2";
			};
			name = Release;
		};
		F00BDC634B4B0ACB90C070CB /* Debug */ = {
			isa = XCBuildConfiguration;
			buildSettings = {
				BUNDLE_LOADER = "$(TEST_HOST)";
				CODE_SIGNING_ALLOWED = NO;
				CODE_SIGNING_REQUIRED = NO;
				IPHONEOS_DEPLOYMENT_TARGET = 26.0;
				LD_RUNPATH_SEARCH_PATHS = (
					"$(inherited)",
					"@executable_path/Frameworks",
					"@loader_path/Frameworks",
				);
				PRODUCT_BUNDLE_IDENTIFIER = com.hendrikgrueger.aiPresentsAppTests;
				SDKROOT = iphoneos;
				SWIFT_VERSION = 6.0;
				TARGETED_DEVICE_FAMILY = "1,2";
				TEST_HOST = "$(BUILT_PRODUCTS_DIR)/aiPresentsApp.app/$(BUNDLE_EXECUTABLE_FOLDER_PATH)/aiPresentsApp";
			};
			name = Debug;
		};
/* End XCBuildConfiguration section */

/* Begin XCConfigurationList section */
		27CBEFAAB78CFAAD50206DB0 /* Build configuration list for PBXNativeTarget "aiPresentsAppTests" */ = {
			isa = XCConfigurationList;
			buildConfigurations = (
				F00BDC634B4B0ACB90C070CB /* Debug */,
				A67059272BC613BB62F8D0D2 /* Release */,
			);
			defaultConfigurationIsVisible = 0;
			defaultConfigurationName = Debug;
		};
		3A21878614F3BE953A29BAB9 /* Build configuration list for PBXNativeTarget "BirthdayWidgetExtension" */ = {
			isa = XCConfigurationList;
			buildConfigurations = (
				790F1FE9664D3D17781C8C43 /* Debug */,
				863B6B9FF53F15BB24771467 /* Release */,
			);
			defaultConfigurationIsVisible = 0;
			defaultConfigurationName = Debug;
		};
		B03DB77583CDFFA6558FED8E /* Build configuration list for PBXProject "ai-presents-app-ios" */ = {
			isa = XCConfigurationList;
			buildConfigurations = (
				6BE8539154B5166DD6509166 /* Debug */,
				1C7D355D2907D7FBD3B3807F /* Release */,
			);
			defaultConfigurationIsVisible = 0;
			defaultConfigurationName = Debug;
		};
		C4490B72513A515B16C386C6 /* Build configuration list for PBXNativeTarget "aiPresentsApp" */ = {
			isa = XCConfigurationList;
			buildConfigurations = (
				37F79148F46A936C3BDF3B58 /* Debug */,
				BBA74B65F9DEB007B0DA216F /* Release */,
			);
			defaultConfigurationIsVisible = 0;
			defaultConfigurationName = Debug;
		};
/* End XCConfigurationList section */
	};
	rootObject = 3E79656696FDB979EA10FE3E /* Project object */;
}
